// !$*UTF8*$!
{
	archiveVersion = 1;
	classes = {
	};
	objectVersion = 55;
	objects = {

/* Begin PBXBuildFile section */
		0711509F281E85C400C8A932 /* OrderVC.swift in Sources */ = {isa = PBXBuildFile; fileRef = 0711509E281E85C400C8A932 /* OrderVC.swift */; };
		0727233028215F95004D8A89 /* MenuVC.swift in Sources */ = {isa = PBXBuildFile; fileRef = 0727232628215F8B004D8A89 /* MenuVC.swift */; };
		072D79EC28417D3800FEAAA3 /* AdminOrderVC.swift in Sources */ = {isa = PBXBuildFile; fileRef = 072D79EB28417D3800FEAAA3 /* AdminOrderVC.swift */; };
		074C2E96283195C60013B756 /* added_cart.json in Resources */ = {isa = PBXBuildFile; fileRef = 074C2E95283195C60013B756 /* added_cart.json */; };
		075401E72803036C003AD065 /* HomeVC.swift in Sources */ = {isa = PBXBuildFile; fileRef = 075401E62803036C003AD065 /* HomeVC.swift */; };
		077135F227EC98A1004C055E /* AppDelegate.swift in Sources */ = {isa = PBXBuildFile; fileRef = 077135F127EC98A1004C055E /* AppDelegate.swift */; };
		077135FC27EC98A1004C055E /* DatePatisserie.xcdatamodeld in Sources */ = {isa = PBXBuildFile; fileRef = 077135FA27EC98A1004C055E /* DatePatisserie.xcdatamodeld */; };
		0771360127EC98A2004C055E /* LaunchScreen.storyboard in Resources */ = {isa = PBXBuildFile; fileRef = 077135FF27EC98A2004C055E /* LaunchScreen.storyboard */; };
		0771361127EC990A004C055E /* ProfileVC.swift in Sources */ = {isa = PBXBuildFile; fileRef = 0771360927EC990A004C055E /* ProfileVC.swift */; };
		0771361227EC990A004C055E /* LoginVC.swift in Sources */ = {isa = PBXBuildFile; fileRef = 0771360A27EC990A004C055E /* LoginVC.swift */; };
		0771361327EC990A004C055E /* SettingsVC.swift in Sources */ = {isa = PBXBuildFile; fileRef = 0771360B27EC990A004C055E /* SettingsVC.swift */; };
		0771361427EC990A004C055E /* SignUpVC.swift in Sources */ = {isa = PBXBuildFile; fileRef = 0771360C27EC990A004C055E /* SignUpVC.swift */; };
		0771361627EC990A004C055E /* DetailsVC.swift in Sources */ = {isa = PBXBuildFile; fileRef = 0771360E27EC990A004C055E /* DetailsVC.swift */; };
		0771361727EC990A004C055E /* StartVC.swift in Sources */ = {isa = PBXBuildFile; fileRef = 0771360F27EC990A004C055E /* StartVC.swift */; };
		0771361C27EC9916004C055E /* DetailsInfo.swift in Sources */ = {isa = PBXBuildFile; fileRef = 0771361A27EC9916004C055E /* DetailsInfo.swift */; };
		0771361D27EC9916004C055E /* ProfileInfo.swift in Sources */ = {isa = PBXBuildFile; fileRef = 0771361B27EC9916004C055E /* ProfileInfo.swift */; };
		0771362327EC9924004C055E /* food_loading.json in Resources */ = {isa = PBXBuildFile; fileRef = 0771361F27EC9924004C055E /* food_loading.json */; };
		0771362427EC9924004C055E /* hamburger_loading.json in Resources */ = {isa = PBXBuildFile; fileRef = 0771362027EC9924004C055E /* hamburger_loading.json */; };
		0771362527EC9924004C055E /* loading.json in Resources */ = {isa = PBXBuildFile; fileRef = 0771362127EC9924004C055E /* loading.json */; };
		0771362627EC9924004C055E /* coffee_lottie.json in Resources */ = {isa = PBXBuildFile; fileRef = 0771362227EC9924004C055E /* coffee_lottie.json */; };
		0771362E27EC992B004C055E /* Gilroy-Regular.otf in Resources */ = {isa = PBXBuildFile; fileRef = 0771362827EC992B004C055E /* Gilroy-Regular.otf */; };
		0771362F27EC992B004C055E /* Gilroy-Medium.otf in Resources */ = {isa = PBXBuildFile; fileRef = 0771362927EC992B004C055E /* Gilroy-Medium.otf */; };
		0771363027EC992B004C055E /* Gilroy-Bold.otf in Resources */ = {isa = PBXBuildFile; fileRef = 0771362A27EC992B004C055E /* Gilroy-Bold.otf */; };
		0771363127EC992B004C055E /* Gilroy-Semibold.otf in Resources */ = {isa = PBXBuildFile; fileRef = 0771362B27EC992B004C055E /* Gilroy-Semibold.otf */; };
		0771363227EC992B004C055E /* Gilroy-Light.otf in Resources */ = {isa = PBXBuildFile; fileRef = 0771362C27EC992B004C055E /* Gilroy-Light.otf */; };
		0771363327EC992B004C055E /* Gilroy-Thin.otf in Resources */ = {isa = PBXBuildFile; fileRef = 0771362D27EC992B004C055E /* Gilroy-Thin.otf */; };
		0771363A27EC9935004C055E /* Onboarding2VC.swift in Sources */ = {isa = PBXBuildFile; fileRef = 0771363627EC9935004C055E /* Onboarding2VC.swift */; };
		0771363B27EC9935004C055E /* Onboarding3VC.swift in Sources */ = {isa = PBXBuildFile; fileRef = 0771363727EC9935004C055E /* Onboarding3VC.swift */; };
		0771363E27EC9966004C055E /* Colors.swift in Sources */ = {isa = PBXBuildFile; fileRef = 0771363D27EC9966004C055E /* Colors.swift */; };
		077475C8280C3DC800447BE5 /* QRCodeVC.swift in Sources */ = {isa = PBXBuildFile; fileRef = 077475C7280C3DC800447BE5 /* QRCodeVC.swift */; };
		077B1EF5282B965500E2EA59 /* Product.swift in Sources */ = {isa = PBXBuildFile; fileRef = 077B1EF4282B965500E2EA59 /* Product.swift */; };
		078B81C827EDA1B70095CE56 /* Presentation.swift in Sources */ = {isa = PBXBuildFile; fileRef = 078B81C727EDA1B70095CE56 /* Presentation.swift */; };
		078B81CA27EDA7740095CE56 /* Onboarding1VC.swift in Sources */ = {isa = PBXBuildFile; fileRef = 078B81C927EDA7740095CE56 /* Onboarding1VC.swift */; };
		079032672832D52900D615EB /* AdminMainVC.swift in Sources */ = {isa = PBXBuildFile; fileRef = 079032662832D52900D615EB /* AdminMainVC.swift */; };
		0790327B2833EB2300D615EB /* ProductHandler.swift in Sources */ = {isa = PBXBuildFile; fileRef = 0790327A2833EB2300D615EB /* ProductHandler.swift */; };
		0790327D2833F06400D615EB /* Globals.swift in Sources */ = {isa = PBXBuildFile; fileRef = 0790327C2833F06400D615EB /* Globals.swift */; };
		0790329A283666CE00D615EB /* ImagePicker.swift in Sources */ = {isa = PBXBuildFile; fileRef = 07903297283666CE00D615EB /* ImagePicker.swift */; };
		0790329B283666CE00D615EB /* DailyMealVC.swift in Sources */ = {isa = PBXBuildFile; fileRef = 07903298283666CE00D615EB /* DailyMealVC.swift */; };
		0790329C283666CE00D615EB /* DailyMeal.swift in Sources */ = {isa = PBXBuildFile; fileRef = 07903299283666CE00D615EB /* DailyMeal.swift */; };
		079032A1283670EF00D615EB /* AdminQRScanner.swift in Sources */ = {isa = PBXBuildFile; fileRef = 079032A0283670EF00D615EB /* AdminQRScanner.swift */; };
		07B994242821A74A00423417 /* MenuCell.swift in Sources */ = {isa = PBXBuildFile; fileRef = 07B994212821A74A00423417 /* MenuCell.swift */; };
		07B994282822A0CE00423417 /* Assets.xcassets in Resources */ = {isa = PBXBuildFile; fileRef = 07B994272822A0CE00423417 /* Assets.xcassets */; };
		07C246D3282D75E300869A23 /* OrderCell.swift in Sources */ = {isa = PBXBuildFile; fileRef = 07C246D2282D75E300869A23 /* OrderCell.swift */; };
		07F1263E27F191A70017E3F3 /* NotificationService.swift in Sources */ = {isa = PBXBuildFile; fileRef = 07F1263D27F191A70017E3F3 /* NotificationService.swift */; };
		07F1264227F191A70017E3F3 /* OneSignalServicesExtension.appex in Embed App Extensions */ = {isa = PBXBuildFile; fileRef = 07F1263B27F191A70017E3F3 /* OneSignalServicesExtension.appex */; settings = {ATTRIBUTES = (RemoveHeadersOnCopy, ); }; };
		07FEA91E27F1B1C500546E31 /* GoogleService-Info.plist in Resources */ = {isa = PBXBuildFile; fileRef = 07FEA91D27F1B1C500546E31 /* GoogleService-Info.plist */; };
		07FEA92027F1B2AE00546E31 /* NotificationService.swift in Sources */ = {isa = PBXBuildFile; fileRef = 07FEA91F27F1B2AE00546E31 /* NotificationService.swift */; };
		07FEA92227F1BC5C00546E31 /* Extensions.swift in Sources */ = {isa = PBXBuildFile; fileRef = 07FEA92127F1BC5C00546E31 /* Extensions.swift */; };
		07FEA92427F1BCB700546E31 /* Functions.swift in Sources */ = {isa = PBXBuildFile; fileRef = 07FEA92327F1BCB700546E31 /* Functions.swift */; };
		43238030283543AA003694D5 /* CartProduct.swift in Sources */ = {isa = PBXBuildFile; fileRef = 4323802F283543AA003694D5 /* CartProduct.swift */; };
		4323803228354E88003694D5 /* AdminOrderCell.swift in Sources */ = {isa = PBXBuildFile; fileRef = 4323803128354E88003694D5 /* AdminOrderCell.swift */; };
		4323803428354EBD003694D5 /* AdminGlobal.swift in Sources */ = {isa = PBXBuildFile; fileRef = 4323803328354EBD003694D5 /* AdminGlobal.swift */; };
		43238036283551CB003694D5 /* Order.swift in Sources */ = {isa = PBXBuildFile; fileRef = 43238035283551CB003694D5 /* Order.swift */; };
		9C196375F682551C9B7B324F /* Pods_DatePatisserie.framework in Frameworks */ = {isa = PBXBuildFile; fileRef = D057E03C9F4834EEAF9FC10E /* Pods_DatePatisserie.framework */; };
/* End PBXBuildFile section */

/* Begin PBXContainerItemProxy section */
		07F1264027F191A70017E3F3 /* PBXContainerItemProxy */ = {
			isa = PBXContainerItemProxy;
			containerPortal = 077135E627EC98A1004C055E /* Project object */;
			proxyType = 1;
			remoteGlobalIDString = 07F1263A27F191A70017E3F3;
			remoteInfo = OneSignalServicesExtension;
		};
/* End PBXContainerItemProxy section */

/* Begin PBXCopyFilesBuildPhase section */
		07F1264327F191A70017E3F3 /* Embed App Extensions */ = {
			isa = PBXCopyFilesBuildPhase;
			buildActionMask = 2147483647;
			dstPath = "";
			dstSubfolderSpec = 13;
			files = (
				07F1264227F191A70017E3F3 /* OneSignalServicesExtension.appex in Embed App Extensions */,
			);
			name = "Embed App Extensions";
			runOnlyForDeploymentPostprocessing = 0;
		};
/* End PBXCopyFilesBuildPhase section */

/* Begin PBXFileReference section */
		0711509E281E85C400C8A932 /* OrderVC.swift */ = {isa = PBXFileReference; lastKnownFileType = sourcecode.swift; path = OrderVC.swift; sourceTree = "<group>"; };
		0727232628215F8B004D8A89 /* MenuVC.swift */ = {isa = PBXFileReference; fileEncoding = 4; lastKnownFileType = sourcecode.swift; path = MenuVC.swift; sourceTree = "<group>"; };
		072D79EB28417D3800FEAAA3 /* AdminOrderVC.swift */ = {isa = PBXFileReference; lastKnownFileType = sourcecode.swift; path = AdminOrderVC.swift; sourceTree = "<group>"; };
		074C2E95283195C60013B756 /* added_cart.json */ = {isa = PBXFileReference; fileEncoding = 4; lastKnownFileType = text.json; path = added_cart.json; sourceTree = "<group>"; };
		075401E62803036C003AD065 /* HomeVC.swift */ = {isa = PBXFileReference; lastKnownFileType = sourcecode.swift; path = HomeVC.swift; sourceTree = "<group>"; };
		077135EE27EC98A1004C055E /* DatePatisserie.app */ = {isa = PBXFileReference; explicitFileType = wrapper.application; includeInIndex = 0; path = DatePatisserie.app; sourceTree = BUILT_PRODUCTS_DIR; };
		077135F127EC98A1004C055E /* AppDelegate.swift */ = {isa = PBXFileReference; lastKnownFileType = sourcecode.swift; path = AppDelegate.swift; sourceTree = "<group>"; };
		077135FB27EC98A1004C055E /* DatePatisserie.xcdatamodel */ = {isa = PBXFileReference; lastKnownFileType = wrapper.xcdatamodel; path = DatePatisserie.xcdatamodel; sourceTree = "<group>"; };
		0771360027EC98A2004C055E /* Base */ = {isa = PBXFileReference; lastKnownFileType = file.storyboard; name = Base; path = Base.lproj/LaunchScreen.storyboard; sourceTree = "<group>"; };
		0771360227EC98A2004C055E /* Info.plist */ = {isa = PBXFileReference; lastKnownFileType = text.plist.xml; path = Info.plist; sourceTree = "<group>"; };
		0771360927EC990A004C055E /* ProfileVC.swift */ = {isa = PBXFileReference; fileEncoding = 4; lastKnownFileType = sourcecode.swift; path = ProfileVC.swift; sourceTree = "<group>"; };
		0771360A27EC990A004C055E /* LoginVC.swift */ = {isa = PBXFileReference; fileEncoding = 4; lastKnownFileType = sourcecode.swift; path = LoginVC.swift; sourceTree = "<group>"; };
		0771360B27EC990A004C055E /* SettingsVC.swift */ = {isa = PBXFileReference; fileEncoding = 4; lastKnownFileType = sourcecode.swift; path = SettingsVC.swift; sourceTree = "<group>"; };
		0771360C27EC990A004C055E /* SignUpVC.swift */ = {isa = PBXFileReference; fileEncoding = 4; lastKnownFileType = sourcecode.swift; path = SignUpVC.swift; sourceTree = "<group>"; };
		0771360E27EC990A004C055E /* DetailsVC.swift */ = {isa = PBXFileReference; fileEncoding = 4; lastKnownFileType = sourcecode.swift; path = DetailsVC.swift; sourceTree = "<group>"; };
		0771360F27EC990A004C055E /* StartVC.swift */ = {isa = PBXFileReference; fileEncoding = 4; lastKnownFileType = sourcecode.swift; path = StartVC.swift; sourceTree = "<group>"; };
		0771361A27EC9916004C055E /* DetailsInfo.swift */ = {isa = PBXFileReference; fileEncoding = 4; lastKnownFileType = sourcecode.swift; path = DetailsInfo.swift; sourceTree = "<group>"; };
		0771361B27EC9916004C055E /* ProfileInfo.swift */ = {isa = PBXFileReference; fileEncoding = 4; lastKnownFileType = sourcecode.swift; path = ProfileInfo.swift; sourceTree = "<group>"; };
		0771361F27EC9924004C055E /* food_loading.json */ = {isa = PBXFileReference; fileEncoding = 4; lastKnownFileType = text.json; path = food_loading.json; sourceTree = "<group>"; };
		0771362027EC9924004C055E /* hamburger_loading.json */ = {isa = PBXFileReference; fileEncoding = 4; lastKnownFileType = text.json; path = hamburger_loading.json; sourceTree = "<group>"; };
		0771362127EC9924004C055E /* loading.json */ = {isa = PBXFileReference; fileEncoding = 4; lastKnownFileType = text.json; path = loading.json; sourceTree = "<group>"; };
		0771362227EC9924004C055E /* coffee_lottie.json */ = {isa = PBXFileReference; fileEncoding = 4; lastKnownFileType = text.json; path = coffee_lottie.json; sourceTree = "<group>"; };
		0771362827EC992B004C055E /* Gilroy-Regular.otf */ = {isa = PBXFileReference; lastKnownFileType = file; path = "Gilroy-Regular.otf"; sourceTree = "<group>"; };
		0771362927EC992B004C055E /* Gilroy-Medium.otf */ = {isa = PBXFileReference; lastKnownFileType = file; path = "Gilroy-Medium.otf"; sourceTree = "<group>"; };
		0771362A27EC992B004C055E /* Gilroy-Bold.otf */ = {isa = PBXFileReference; lastKnownFileType = file; path = "Gilroy-Bold.otf"; sourceTree = "<group>"; };
		0771362B27EC992B004C055E /* Gilroy-Semibold.otf */ = {isa = PBXFileReference; lastKnownFileType = file; path = "Gilroy-Semibold.otf"; sourceTree = "<group>"; };
		0771362C27EC992B004C055E /* Gilroy-Light.otf */ = {isa = PBXFileReference; lastKnownFileType = file; path = "Gilroy-Light.otf"; sourceTree = "<group>"; };
		0771362D27EC992B004C055E /* Gilroy-Thin.otf */ = {isa = PBXFileReference; lastKnownFileType = file; path = "Gilroy-Thin.otf"; sourceTree = "<group>"; };
		0771363627EC9935004C055E /* Onboarding2VC.swift */ = {isa = PBXFileReference; fileEncoding = 4; lastKnownFileType = sourcecode.swift; path = Onboarding2VC.swift; sourceTree = "<group>"; };
		0771363727EC9935004C055E /* Onboarding3VC.swift */ = {isa = PBXFileReference; fileEncoding = 4; lastKnownFileType = sourcecode.swift; path = Onboarding3VC.swift; sourceTree = "<group>"; };
		0771363D27EC9966004C055E /* Colors.swift */ = {isa = PBXFileReference; fileEncoding = 4; lastKnownFileType = sourcecode.swift; path = Colors.swift; sourceTree = "<group>"; };
		077475C7280C3DC800447BE5 /* QRCodeVC.swift */ = {isa = PBXFileReference; lastKnownFileType = sourcecode.swift; path = QRCodeVC.swift; sourceTree = "<group>"; };
		077B1EF4282B965500E2EA59 /* Product.swift */ = {isa = PBXFileReference; lastKnownFileType = sourcecode.swift; path = Product.swift; sourceTree = "<group>"; };
		078B81C727EDA1B70095CE56 /* Presentation.swift */ = {isa = PBXFileReference; fileEncoding = 4; lastKnownFileType = sourcecode.swift; path = Presentation.swift; sourceTree = "<group>"; };
		078B81C927EDA7740095CE56 /* Onboarding1VC.swift */ = {isa = PBXFileReference; fileEncoding = 4; lastKnownFileType = sourcecode.swift; path = Onboarding1VC.swift; sourceTree = "<group>"; };
		079032662832D52900D615EB /* AdminMainVC.swift */ = {isa = PBXFileReference; lastKnownFileType = sourcecode.swift; path = AdminMainVC.swift; sourceTree = "<group>"; };
		0790327A2833EB2300D615EB /* ProductHandler.swift */ = {isa = PBXFileReference; lastKnownFileType = sourcecode.swift; path = ProductHandler.swift; sourceTree = "<group>"; };
		0790327C2833F06400D615EB /* Globals.swift */ = {isa = PBXFileReference; lastKnownFileType = sourcecode.swift; path = Globals.swift; sourceTree = "<group>"; };
		07903297283666CE00D615EB /* ImagePicker.swift */ = {isa = PBXFileReference; fileEncoding = 4; lastKnownFileType = sourcecode.swift; path = ImagePicker.swift; sourceTree = "<group>"; };
		07903298283666CE00D615EB /* DailyMealVC.swift */ = {isa = PBXFileReference; fileEncoding = 4; lastKnownFileType = sourcecode.swift; path = DailyMealVC.swift; sourceTree = "<group>"; };
		07903299283666CE00D615EB /* DailyMeal.swift */ = {isa = PBXFileReference; fileEncoding = 4; lastKnownFileType = sourcecode.swift; path = DailyMeal.swift; sourceTree = "<group>"; };
		079032A0283670EF00D615EB /* AdminQRScanner.swift */ = {isa = PBXFileReference; fileEncoding = 4; lastKnownFileType = sourcecode.swift; path = AdminQRScanner.swift; sourceTree = "<group>"; };
		07B994212821A74A00423417 /* MenuCell.swift */ = {isa = PBXFileReference; fileEncoding = 4; lastKnownFileType = sourcecode.swift; path = MenuCell.swift; sourceTree = "<group>"; };
		07B994272822A0CE00423417 /* Assets.xcassets */ = {isa = PBXFileReference; lastKnownFileType = folder.assetcatalog; path = Assets.xcassets; sourceTree = "<group>"; };
		07C246D2282D75E300869A23 /* OrderCell.swift */ = {isa = PBXFileReference; fileEncoding = 4; lastKnownFileType = sourcecode.swift; path = OrderCell.swift; sourceTree = "<group>"; };
		07F1263B27F191A70017E3F3 /* OneSignalServicesExtension.appex */ = {isa = PBXFileReference; explicitFileType = "wrapper.app-extension"; includeInIndex = 0; path = OneSignalServicesExtension.appex; sourceTree = BUILT_PRODUCTS_DIR; };
		07F1263D27F191A70017E3F3 /* NotificationService.swift */ = {isa = PBXFileReference; lastKnownFileType = sourcecode.swift; path = NotificationService.swift; sourceTree = "<group>"; };
		07F1263F27F191A70017E3F3 /* Info.plist */ = {isa = PBXFileReference; lastKnownFileType = text.plist.xml; path = Info.plist; sourceTree = "<group>"; };
		07FEA91C27F19D1800546E31 /* DatePatisserie.entitlements */ = {isa = PBXFileReference; lastKnownFileType = text.plist.entitlements; path = DatePatisserie.entitlements; sourceTree = "<group>"; };
		07FEA91D27F1B1C500546E31 /* GoogleService-Info.plist */ = {isa = PBXFileReference; fileEncoding = 4; lastKnownFileType = text.plist.xml; path = "GoogleService-Info.plist"; sourceTree = "<group>"; };
		07FEA91F27F1B2AE00546E31 /* NotificationService.swift */ = {isa = PBXFileReference; lastKnownFileType = sourcecode.swift; path = NotificationService.swift; sourceTree = "<group>"; };
		07FEA92127F1BC5C00546E31 /* Extensions.swift */ = {isa = PBXFileReference; lastKnownFileType = sourcecode.swift; path = Extensions.swift; sourceTree = "<group>"; };
		07FEA92327F1BCB700546E31 /* Functions.swift */ = {isa = PBXFileReference; lastKnownFileType = sourcecode.swift; path = Functions.swift; sourceTree = "<group>"; };
		3E368CC00DDD2430F4F0A3A5 /* Pods-DatePatisserie.debug.xcconfig */ = {isa = PBXFileReference; includeInIndex = 1; lastKnownFileType = text.xcconfig; name = "Pods-DatePatisserie.debug.xcconfig"; path = "Target Support Files/Pods-DatePatisserie/Pods-DatePatisserie.debug.xcconfig"; sourceTree = "<group>"; };
		4323802F283543AA003694D5 /* CartProduct.swift */ = {isa = PBXFileReference; lastKnownFileType = sourcecode.swift; path = CartProduct.swift; sourceTree = "<group>"; };
		4323803128354E88003694D5 /* AdminOrderCell.swift */ = {isa = PBXFileReference; lastKnownFileType = sourcecode.swift; path = AdminOrderCell.swift; sourceTree = "<group>"; };
		4323803328354EBD003694D5 /* AdminGlobal.swift */ = {isa = PBXFileReference; lastKnownFileType = sourcecode.swift; path = AdminGlobal.swift; sourceTree = "<group>"; };
		43238035283551CB003694D5 /* Order.swift */ = {isa = PBXFileReference; lastKnownFileType = sourcecode.swift; path = Order.swift; sourceTree = "<group>"; };
		4B6CFAA304FCA359C0458417 /* Pods-DatePatisserie.release.xcconfig */ = {isa = PBXFileReference; includeInIndex = 1; lastKnownFileType = text.xcconfig; name = "Pods-DatePatisserie.release.xcconfig"; path = "Target Support Files/Pods-DatePatisserie/Pods-DatePatisserie.release.xcconfig"; sourceTree = "<group>"; };
		D057E03C9F4834EEAF9FC10E /* Pods_DatePatisserie.framework */ = {isa = PBXFileReference; explicitFileType = wrapper.framework; includeInIndex = 0; path = Pods_DatePatisserie.framework; sourceTree = BUILT_PRODUCTS_DIR; };
/* End PBXFileReference section */

/* Begin PBXFrameworksBuildPhase section */
		077135EB27EC98A1004C055E /* Frameworks */ = {
			isa = PBXFrameworksBuildPhase;
			buildActionMask = 2147483647;
			files = (
				9C196375F682551C9B7B324F /* Pods_DatePatisserie.framework in Frameworks */,
			);
			runOnlyForDeploymentPostprocessing = 0;
		};
		07F1263827F191A70017E3F3 /* Frameworks */ = {
			isa = PBXFrameworksBuildPhase;
			buildActionMask = 2147483647;
			files = (
			);
			runOnlyForDeploymentPostprocessing = 0;
		};
/* End PBXFrameworksBuildPhase section */

/* Begin PBXGroup section */
		077135E527EC98A1004C055E = {
			isa = PBXGroup;
			children = (
				077135F027EC98A1004C055E /* DatePatisserie */,
				07F1263C27F191A70017E3F3 /* OneSignalServicesExtension */,
				077135EF27EC98A1004C055E /* Products */,
				428DABDFCBF9A6F25C0E090F /* Pods */,
				F80EAD2104DF5BC3C05900C7 /* Frameworks */,
			);
			sourceTree = "<group>";
		};
		077135EF27EC98A1004C055E /* Products */ = {
			isa = PBXGroup;
			children = (
				077135EE27EC98A1004C055E /* DatePatisserie.app */,
				07F1263B27F191A70017E3F3 /* OneSignalServicesExtension.appex */,
			);
			name = Products;
			sourceTree = "<group>";
		};
		077135F027EC98A1004C055E /* DatePatisserie */ = {
			isa = PBXGroup;
			children = (
				07B994272822A0CE00423417 /* Assets.xcassets */,
				07FEA91C27F19D1800546E31 /* DatePatisserie.entitlements */,
				079032652832D28800D615EB /* AdminPanel */,
				0771360827EC990A004C055E /* ViewControllers */,
				07FEA92527F1BD0000546E31 /* Helpers */,
				0771362727EC992B004C055E /* Fonts */,
				0771361E27EC9924004C055E /* LottieJson */,
				0771361927EC9916004C055E /* Model */,
				077135FF27EC98A2004C055E /* LaunchScreen.storyboard */,
				07FEA91D27F1B1C500546E31 /* GoogleService-Info.plist */,
				0771360227EC98A2004C055E /* Info.plist */,
				077135FA27EC98A1004C055E /* DatePatisserie.xcdatamodeld */,
			);
			path = DatePatisserie;
			sourceTree = "<group>";
		};
		0771360827EC990A004C055E /* ViewControllers */ = {
			isa = PBXGroup;
			children = (
				0771363427EC9935004C055E /* Onboarding */,
				07D85F59283916C400B4ECE3 /* Authentication */,
				0771360F27EC990A004C055E /* StartVC.swift */,
				075401E62803036C003AD065 /* HomeVC.swift */,
				0727232628215F8B004D8A89 /* MenuVC.swift */,
				0711509E281E85C400C8A932 /* OrderVC.swift */,
				0771360E27EC990A004C055E /* DetailsVC.swift */,
				0771360B27EC990A004C055E /* SettingsVC.swift */,
				0771360927EC990A004C055E /* ProfileVC.swift */,
				077475C7280C3DC800447BE5 /* QRCodeVC.swift */,
			);
			path = ViewControllers;
			sourceTree = "<group>";
		};
		0771361927EC9916004C055E /* Model */ = {
			isa = PBXGroup;
			children = (
				07D85F5A2839171200B4ECE3 /* Cells */,
				0771361A27EC9916004C055E /* DetailsInfo.swift */,
				077B1EF4282B965500E2EA59 /* Product.swift */,
				4323802F283543AA003694D5 /* CartProduct.swift */,
				0771361B27EC9916004C055E /* ProfileInfo.swift */,
			);
			path = Model;
			sourceTree = "<group>";
		};
		0771361E27EC9924004C055E /* LottieJson */ = {
			isa = PBXGroup;
			children = (
				074C2E95283195C60013B756 /* added_cart.json */,
				0771361F27EC9924004C055E /* food_loading.json */,
				0771362027EC9924004C055E /* hamburger_loading.json */,
				0771362127EC9924004C055E /* loading.json */,
				0771362227EC9924004C055E /* coffee_lottie.json */,
			);
			path = LottieJson;
			sourceTree = "<group>";
		};
		0771362727EC992B004C055E /* Fonts */ = {
			isa = PBXGroup;
			children = (
				0771362827EC992B004C055E /* Gilroy-Regular.otf */,
				0771362927EC992B004C055E /* Gilroy-Medium.otf */,
				0771362A27EC992B004C055E /* Gilroy-Bold.otf */,
				0771362B27EC992B004C055E /* Gilroy-Semibold.otf */,
				0771362C27EC992B004C055E /* Gilroy-Light.otf */,
				0771362D27EC992B004C055E /* Gilroy-Thin.otf */,
			);
			path = Fonts;
			sourceTree = "<group>";
		};
		0771363427EC9935004C055E /* Onboarding */ = {
			isa = PBXGroup;
			children = (
				078B81C927EDA7740095CE56 /* Onboarding1VC.swift */,
				0771363627EC9935004C055E /* Onboarding2VC.swift */,
				0771363727EC9935004C055E /* Onboarding3VC.swift */,
			);
			path = Onboarding;
			sourceTree = "<group>";
		};
		079032652832D28800D615EB /* AdminPanel */ = {
			isa = PBXGroup;
			children = (
				0790329F2836676B00D615EB /* AdminMain */,
				0790329E2836672B00D615EB /* AdminOrder */,
				0790329D2836671C00D615EB /* AdminDailyMeal */,
			);
			path = AdminPanel;
			sourceTree = "<group>";
		};
		0790329D2836671C00D615EB /* AdminDailyMeal */ = {
			isa = PBXGroup;
			children = (
				07903299283666CE00D615EB /* DailyMeal.swift */,
				07903298283666CE00D615EB /* DailyMealVC.swift */,
			);
			path = AdminDailyMeal;
			sourceTree = "<group>";
		};
		0790329E2836672B00D615EB /* AdminOrder */ = {
			isa = PBXGroup;
			children = (
				43238035283551CB003694D5 /* Order.swift */,
				4323803128354E88003694D5 /* AdminOrderCell.swift */,
				072D79EB28417D3800FEAAA3 /* AdminOrderVC.swift */,
			);
			path = AdminOrder;
			sourceTree = "<group>";
		};
		0790329F2836676B00D615EB /* AdminMain */ = {
			isa = PBXGroup;
			children = (
				4323803328354EBD003694D5 /* AdminGlobal.swift */,
				079032A0283670EF00D615EB /* AdminQRScanner.swift */,
				079032662832D52900D615EB /* AdminMainVC.swift */,
			);
			path = AdminMain;
			sourceTree = "<group>";
		};
		07D85F59283916C400B4ECE3 /* Authentication */ = {
			isa = PBXGroup;
			children = (
				0771360A27EC990A004C055E /* LoginVC.swift */,
				0771360C27EC990A004C055E /* SignUpVC.swift */,
			);
			path = Authentication;
			sourceTree = "<group>";
		};
		07D85F5A2839171200B4ECE3 /* Cells */ = {
			isa = PBXGroup;
			children = (
				07B994212821A74A00423417 /* MenuCell.swift */,
				07C246D2282D75E300869A23 /* OrderCell.swift */,
			);
			path = Cells;
			sourceTree = "<group>";
		};
		07F1263C27F191A70017E3F3 /* OneSignalServicesExtension */ = {
			isa = PBXGroup;
			children = (
				07F1263D27F191A70017E3F3 /* NotificationService.swift */,
				07F1263F27F191A70017E3F3 /* Info.plist */,
			);
			path = OneSignalServicesExtension;
			sourceTree = "<group>";
		};
		07FEA92527F1BD0000546E31 /* Helpers */ = {
			isa = PBXGroup;
			children = (
				07903297283666CE00D615EB /* ImagePicker.swift */,
				0790327A2833EB2300D615EB /* ProductHandler.swift */,
				077135F127EC98A1004C055E /* AppDelegate.swift */,
				078B81C727EDA1B70095CE56 /* Presentation.swift */,
				0771363D27EC9966004C055E /* Colors.swift */,
				0790327C2833F06400D615EB /* Globals.swift */,
				07FEA91F27F1B2AE00546E31 /* NotificationService.swift */,
				07FEA92127F1BC5C00546E31 /* Extensions.swift */,
				07FEA92327F1BCB700546E31 /* Functions.swift */,
			);
			path = Helpers;
			sourceTree = "<group>";
		};
		428DABDFCBF9A6F25C0E090F /* Pods */ = {
			isa = PBXGroup;
			children = (
				3E368CC00DDD2430F4F0A3A5 /* Pods-DatePatisserie.debug.xcconfig */,
				4B6CFAA304FCA359C0458417 /* Pods-DatePatisserie.release.xcconfig */,
			);
			path = Pods;
			sourceTree = "<group>";
		};
		F80EAD2104DF5BC3C05900C7 /* Frameworks */ = {
			isa = PBXGroup;
			children = (
				D057E03C9F4834EEAF9FC10E /* Pods_DatePatisserie.framework */,
			);
			name = Frameworks;
			sourceTree = "<group>";
		};
/* End PBXGroup section */

/* Begin PBXNativeTarget section */
		077135ED27EC98A1004C055E /* DatePatisserie */ = {
			isa = PBXNativeTarget;
			buildConfigurationList = 0771360527EC98A2004C055E /* Build configuration list for PBXNativeTarget "DatePatisserie" */;
			buildPhases = (
				6CC158692AACBC0C39CB389E /* [CP] Check Pods Manifest.lock */,
				077135EA27EC98A1004C055E /* Sources */,
				077135EB27EC98A1004C055E /* Frameworks */,
				077135EC27EC98A1004C055E /* Resources */,
				07F1264327F191A70017E3F3 /* Embed App Extensions */,
				9670C770E84D5C115A99843E /* [CP] Embed Pods Frameworks */,
			);
			buildRules = (
			);
			dependencies = (
				07F1264127F191A70017E3F3 /* PBXTargetDependency */,
			);
			name = DatePatisserie;
			productName = DatePatisserie;
			productReference = 077135EE27EC98A1004C055E /* DatePatisserie.app */;
			productType = "com.apple.product-type.application";
		};
		07F1263A27F191A70017E3F3 /* OneSignalServicesExtension */ = {
			isa = PBXNativeTarget;
			buildConfigurationList = 07F1264627F191A70017E3F3 /* Build configuration list for PBXNativeTarget "OneSignalServicesExtension" */;
			buildPhases = (
				07F1263727F191A70017E3F3 /* Sources */,
				07F1263827F191A70017E3F3 /* Frameworks */,
				07F1263927F191A70017E3F3 /* Resources */,
			);
			buildRules = (
			);
			dependencies = (
			);
			name = OneSignalServicesExtension;
			productName = OneSignalServicesExtension;
			productReference = 07F1263B27F191A70017E3F3 /* OneSignalServicesExtension.appex */;
			productType = "com.apple.product-type.app-extension";
		};
/* End PBXNativeTarget section */

/* Begin PBXProject section */
		077135E627EC98A1004C055E /* Project object */ = {
			isa = PBXProject;
			attributes = {
				BuildIndependentTargetsInParallel = 1;
				LastSwiftUpdateCheck = 1330;
				LastUpgradeCheck = 1330;
				TargetAttributes = {
					077135ED27EC98A1004C055E = {
						CreatedOnToolsVersion = 13.3;
					};
					07F1263A27F191A70017E3F3 = {
						CreatedOnToolsVersion = 13.3;
					};
				};
			};
			buildConfigurationList = 077135E927EC98A1004C055E /* Build configuration list for PBXProject "DatePatisserie" */;
			compatibilityVersion = "Xcode 13.0";
			developmentRegion = en;
			hasScannedForEncodings = 0;
			knownRegions = (
				en,
				Base,
			);
			mainGroup = 077135E527EC98A1004C055E;
			productRefGroup = 077135EF27EC98A1004C055E /* Products */;
			projectDirPath = "";
			projectRoot = "";
			targets = (
				077135ED27EC98A1004C055E /* DatePatisserie */,
				07F1263A27F191A70017E3F3 /* OneSignalServicesExtension */,
			);
		};
/* End PBXProject section */

/* Begin PBXResourcesBuildPhase section */
		077135EC27EC98A1004C055E /* Resources */ = {
			isa = PBXResourcesBuildPhase;
			buildActionMask = 2147483647;
			files = (
				074C2E96283195C60013B756 /* added_cart.json in Resources */,
				07FEA91E27F1B1C500546E31 /* GoogleService-Info.plist in Resources */,
				0771363327EC992B004C055E /* Gilroy-Thin.otf in Resources */,
				0771362E27EC992B004C055E /* Gilroy-Regular.otf in Resources */,
				0771362627EC9924004C055E /* coffee_lottie.json in Resources */,
				07B994282822A0CE00423417 /* Assets.xcassets in Resources */,
				0771362427EC9924004C055E /* hamburger_loading.json in Resources */,
				0771363227EC992B004C055E /* Gilroy-Light.otf in Resources */,
				0771363027EC992B004C055E /* Gilroy-Bold.otf in Resources */,
				0771360127EC98A2004C055E /* LaunchScreen.storyboard in Resources */,
				0771362F27EC992B004C055E /* Gilroy-Medium.otf in Resources */,
				0771363127EC992B004C055E /* Gilroy-Semibold.otf in Resources */,
				0771362327EC9924004C055E /* food_loading.json in Resources */,
				0771362527EC9924004C055E /* loading.json in Resources */,
			);
			runOnlyForDeploymentPostprocessing = 0;
		};
		07F1263927F191A70017E3F3 /* Resources */ = {
			isa = PBXResourcesBuildPhase;
			buildActionMask = 2147483647;
			files = (
			);
			runOnlyForDeploymentPostprocessing = 0;
		};
/* End PBXResourcesBuildPhase section */

/* Begin PBXShellScriptBuildPhase section */
		6CC158692AACBC0C39CB389E /* [CP] Check Pods Manifest.lock */ = {
			isa = PBXShellScriptBuildPhase;
			buildActionMask = 2147483647;
			files = (
			);
			inputFileListPaths = (
			);
			inputPaths = (
				"${PODS_PODFILE_DIR_PATH}/Podfile.lock",
				"${PODS_ROOT}/Manifest.lock",
			);
			name = "[CP] Check Pods Manifest.lock";
			outputFileListPaths = (
			);
			outputPaths = (
				"$(DERIVED_FILE_DIR)/Pods-DatePatisserie-checkManifestLockResult.txt",
			);
			runOnlyForDeploymentPostprocessing = 0;
			shellPath = /bin/sh;
			shellScript = "diff \"${PODS_PODFILE_DIR_PATH}/Podfile.lock\" \"${PODS_ROOT}/Manifest.lock\" > /dev/null\nif [ $? != 0 ] ; then\n    # print error to STDERR\n    echo \"error: The sandbox is not in sync with the Podfile.lock. Run 'pod install' or update your CocoaPods installation.\" >&2\n    exit 1\nfi\n# This output is used by Xcode 'outputs' to avoid re-running this script phase.\necho \"SUCCESS\" > \"${SCRIPT_OUTPUT_FILE_0}\"\n";
			showEnvVarsInLog = 0;
		};
		9670C770E84D5C115A99843E /* [CP] Embed Pods Frameworks */ = {
			isa = PBXShellScriptBuildPhase;
			buildActionMask = 2147483647;
			files = (
			);
			inputFileListPaths = (
				"${PODS_ROOT}/Target Support Files/Pods-DatePatisserie/Pods-DatePatisserie-frameworks-${CONFIGURATION}-input-files.xcfilelist",
			);
			name = "[CP] Embed Pods Frameworks";
			outputFileListPaths = (
				"${PODS_ROOT}/Target Support Files/Pods-DatePatisserie/Pods-DatePatisserie-frameworks-${CONFIGURATION}-output-files.xcfilelist",
			);
			runOnlyForDeploymentPostprocessing = 0;
			shellPath = /bin/sh;
			shellScript = "\"${PODS_ROOT}/Target Support Files/Pods-DatePatisserie/Pods-DatePatisserie-frameworks.sh\"\n";
			showEnvVarsInLog = 0;
		};
/* End PBXShellScriptBuildPhase section */

/* Begin PBXSourcesBuildPhase section */
		077135EA27EC98A1004C055E /* Sources */ = {
			isa = PBXSourcesBuildPhase;
			buildActionMask = 2147483647;
			files = (
				0727233028215F95004D8A89 /* MenuVC.swift in Sources */,
				0790329B283666CE00D615EB /* DailyMealVC.swift in Sources */,
				0771361427EC990A004C055E /* SignUpVC.swift in Sources */,
				078B81C827EDA1B70095CE56 /* Presentation.swift in Sources */,
				0771361127EC990A004C055E /* ProfileVC.swift in Sources */,
				07C246D3282D75E300869A23 /* OrderCell.swift in Sources */,
				0771361727EC990A004C055E /* StartVC.swift in Sources */,
				43238036283551CB003694D5 /* Order.swift in Sources */,
				0790329C283666CE00D615EB /* DailyMeal.swift in Sources */,
				079032672832D52900D615EB /* AdminMainVC.swift in Sources */,
				07B994242821A74A00423417 /* MenuCell.swift in Sources */,
				0790327D2833F06400D615EB /* Globals.swift in Sources */,
				43238030283543AA003694D5 /* CartProduct.swift in Sources */,
				0771361D27EC9916004C055E /* ProfileInfo.swift in Sources */,
				07FEA92027F1B2AE00546E31 /* NotificationService.swift in Sources */,
				075401E72803036C003AD065 /* HomeVC.swift in Sources */,
				077135F227EC98A1004C055E /* AppDelegate.swift in Sources */,
				0771363E27EC9966004C055E /* Colors.swift in Sources */,
				0790329A283666CE00D615EB /* ImagePicker.swift in Sources */,
				079032A1283670EF00D615EB /* AdminQRScanner.swift in Sources */,
				0771361C27EC9916004C055E /* DetailsInfo.swift in Sources */,
				077B1EF5282B965500E2EA59 /* Product.swift in Sources */,
				0771361627EC990A004C055E /* DetailsVC.swift in Sources */,
				4323803428354EBD003694D5 /* AdminGlobal.swift in Sources */,
				077135FC27EC98A1004C055E /* DatePatisserie.xcdatamodeld in Sources */,
				4323803228354E88003694D5 /* AdminOrderCell.swift in Sources */,
				078B81CA27EDA7740095CE56 /* Onboarding1VC.swift in Sources */,
				0790327B2833EB2300D615EB /* ProductHandler.swift in Sources */,
				07FEA92227F1BC5C00546E31 /* Extensions.swift in Sources */,
				072D79EC28417D3800FEAAA3 /* AdminOrderVC.swift in Sources */,
				077475C8280C3DC800447BE5 /* QRCodeVC.swift in Sources */,
				0771361227EC990A004C055E /* LoginVC.swift in Sources */,
				0711509F281E85C400C8A932 /* OrderVC.swift in Sources */,
				07FEA92427F1BCB700546E31 /* Functions.swift in Sources */,
				0771363B27EC9935004C055E /* Onboarding3VC.swift in Sources */,
				0771363A27EC9935004C055E /* Onboarding2VC.swift in Sources */,
				0771361327EC990A004C055E /* SettingsVC.swift in Sources */,
			);
			runOnlyForDeploymentPostprocessing = 0;
		};
		07F1263727F191A70017E3F3 /* Sources */ = {
			isa = PBXSourcesBuildPhase;
			buildActionMask = 2147483647;
			files = (
				07F1263E27F191A70017E3F3 /* NotificationService.swift in Sources */,
			);
			runOnlyForDeploymentPostprocessing = 0;
		};
/* End PBXSourcesBuildPhase section */

/* Begin PBXTargetDependency section */
		07F1264127F191A70017E3F3 /* PBXTargetDependency */ = {
			isa = PBXTargetDependency;
			target = 07F1263A27F191A70017E3F3 /* OneSignalServicesExtension */;
			targetProxy = 07F1264027F191A70017E3F3 /* PBXContainerItemProxy */;
		};
/* End PBXTargetDependency section */

/* Begin PBXVariantGroup section */
		077135FF27EC98A2004C055E /* LaunchScreen.storyboard */ = {
			isa = PBXVariantGroup;
			children = (
				0771360027EC98A2004C055E /* Base */,
			);
			name = LaunchScreen.storyboard;
			sourceTree = "<group>";
		};
/* End PBXVariantGroup section */

/* Begin XCBuildConfiguration section */
		0771360327EC98A2004C055E /* Debug */ = {
			isa = XCBuildConfiguration;
			buildSettings = {
				ALWAYS_SEARCH_USER_PATHS = NO;
				CLANG_ANALYZER_NONNULL = YES;
				CLANG_ANALYZER_NUMBER_OBJECT_CONVERSION = YES_AGGRESSIVE;
				CLANG_CXX_LANGUAGE_STANDARD = "gnu++17";
				CLANG_ENABLE_MODULES = YES;
				CLANG_ENABLE_OBJC_ARC = YES;
				CLANG_ENABLE_OBJC_WEAK = YES;
				CLANG_WARN_BLOCK_CAPTURE_AUTORELEASING = YES;
				CLANG_WARN_BOOL_CONVERSION = YES;
				CLANG_WARN_COMMA = YES;
				CLANG_WARN_CONSTANT_CONVERSION = YES;
				CLANG_WARN_DEPRECATED_OBJC_IMPLEMENTATIONS = YES;
				CLANG_WARN_DIRECT_OBJC_ISA_USAGE = YES_ERROR;
				CLANG_WARN_DOCUMENTATION_COMMENTS = YES;
				CLANG_WARN_EMPTY_BODY = YES;
				CLANG_WARN_ENUM_CONVERSION = YES;
				CLANG_WARN_INFINITE_RECURSION = YES;
				CLANG_WARN_INT_CONVERSION = YES;
				CLANG_WARN_NON_LITERAL_NULL_CONVERSION = YES;
				CLANG_WARN_OBJC_IMPLICIT_RETAIN_SELF = YES;
				CLANG_WARN_OBJC_LITERAL_CONVERSION = YES;
				CLANG_WARN_OBJC_ROOT_CLASS = YES_ERROR;
				CLANG_WARN_QUOTED_INCLUDE_IN_FRAMEWORK_HEADER = YES;
				CLANG_WARN_RANGE_LOOP_ANALYSIS = YES;
				CLANG_WARN_STRICT_PROTOTYPES = YES;
				CLANG_WARN_SUSPICIOUS_MOVE = YES;
				CLANG_WARN_UNGUARDED_AVAILABILITY = YES_AGGRESSIVE;
				CLANG_WARN_UNREACHABLE_CODE = YES;
				CLANG_WARN__DUPLICATE_METHOD_MATCH = YES;
				COPY_PHASE_STRIP = NO;
				DEBUG_INFORMATION_FORMAT = dwarf;
				ENABLE_STRICT_OBJC_MSGSEND = YES;
				ENABLE_TESTABILITY = YES;
				GCC_C_LANGUAGE_STANDARD = gnu11;
				GCC_DYNAMIC_NO_PIC = NO;
				GCC_NO_COMMON_BLOCKS = YES;
				GCC_OPTIMIZATION_LEVEL = 0;
				GCC_PREPROCESSOR_DEFINITIONS = (
					"DEBUG=1",
					"$(inherited)",
				);
				GCC_WARN_64_TO_32_BIT_CONVERSION = YES;
				GCC_WARN_ABOUT_RETURN_TYPE = YES_ERROR;
				GCC_WARN_UNDECLARED_SELECTOR = YES;
				GCC_WARN_UNINITIALIZED_AUTOS = YES_AGGRESSIVE;
				GCC_WARN_UNUSED_FUNCTION = YES;
				GCC_WARN_UNUSED_VARIABLE = YES;
				IPHONEOS_DEPLOYMENT_TARGET = 15.4;
				MTL_ENABLE_DEBUG_INFO = INCLUDE_SOURCE;
				MTL_FAST_MATH = YES;
				ONLY_ACTIVE_ARCH = YES;
				SDKROOT = iphoneos;
				SWIFT_ACTIVE_COMPILATION_CONDITIONS = DEBUG;
				SWIFT_OPTIMIZATION_LEVEL = "-Onone";
			};
			name = Debug;
		};
		0771360427EC98A2004C055E /* Release */ = {
			isa = XCBuildConfiguration;
			buildSettings = {
				ALWAYS_SEARCH_USER_PATHS = NO;
				CLANG_ANALYZER_NONNULL = YES;
				CLANG_ANALYZER_NUMBER_OBJECT_CONVERSION = YES_AGGRESSIVE;
				CLANG_CXX_LANGUAGE_STANDARD = "gnu++17";
				CLANG_ENABLE_MODULES = YES;
				CLANG_ENABLE_OBJC_ARC = YES;
				CLANG_ENABLE_OBJC_WEAK = YES;
				CLANG_WARN_BLOCK_CAPTURE_AUTORELEASING = YES;
				CLANG_WARN_BOOL_CONVERSION = YES;
				CLANG_WARN_COMMA = YES;
				CLANG_WARN_CONSTANT_CONVERSION = YES;
				CLANG_WARN_DEPRECATED_OBJC_IMPLEMENTATIONS = YES;
				CLANG_WARN_DIRECT_OBJC_ISA_USAGE = YES_ERROR;
				CLANG_WARN_DOCUMENTATION_COMMENTS = YES;
				CLANG_WARN_EMPTY_BODY = YES;
				CLANG_WARN_ENUM_CONVERSION = YES;
				CLANG_WARN_INFINITE_RECURSION = YES;
				CLANG_WARN_INT_CONVERSION = YES;
				CLANG_WARN_NON_LITERAL_NULL_CONVERSION = YES;
				CLANG_WARN_OBJC_IMPLICIT_RETAIN_SELF = YES;
				CLANG_WARN_OBJC_LITERAL_CONVERSION = YES;
				CLANG_WARN_OBJC_ROOT_CLASS = YES_ERROR;
				CLANG_WARN_QUOTED_INCLUDE_IN_FRAMEWORK_HEADER = YES;
				CLANG_WARN_RANGE_LOOP_ANALYSIS = YES;
				CLANG_WARN_STRICT_PROTOTYPES = YES;
				CLANG_WARN_SUSPICIOUS_MOVE = YES;
				CLANG_WARN_UNGUARDED_AVAILABILITY = YES_AGGRESSIVE;
				CLANG_WARN_UNREACHABLE_CODE = YES;
				CLANG_WARN__DUPLICATE_METHOD_MATCH = YES;
				COPY_PHASE_STRIP = NO;
				DEBUG_INFORMATION_FORMAT = "dwarf-with-dsym";
				ENABLE_NS_ASSERTIONS = NO;
				ENABLE_STRICT_OBJC_MSGSEND = YES;
				GCC_C_LANGUAGE_STANDARD = gnu11;
				GCC_NO_COMMON_BLOCKS = YES;
				GCC_WARN_64_TO_32_BIT_CONVERSION = YES;
				GCC_WARN_ABOUT_RETURN_TYPE = YES_ERROR;
				GCC_WARN_UNDECLARED_SELECTOR = YES;
				GCC_WARN_UNINITIALIZED_AUTOS = YES_AGGRESSIVE;
				GCC_WARN_UNUSED_FUNCTION = YES;
				GCC_WARN_UNUSED_VARIABLE = YES;
				IPHONEOS_DEPLOYMENT_TARGET = 15.4;
				MTL_ENABLE_DEBUG_INFO = NO;
				MTL_FAST_MATH = YES;
				SDKROOT = iphoneos;
				SWIFT_COMPILATION_MODE = wholemodule;
				SWIFT_OPTIMIZATION_LEVEL = "-O";
				VALIDATE_PRODUCT = YES;
			};
			name = Release;
		};
		0771360627EC98A2004C055E /* Debug */ = {
			isa = XCBuildConfiguration;
			baseConfigurationReference = 3E368CC00DDD2430F4F0A3A5 /* Pods-DatePatisserie.debug.xcconfig */;
			buildSettings = {
				ALWAYS_EMBED_SWIFT_STANDARD_LIBRARIES = YES;
				ASSETCATALOG_COMPILER_APPICON_NAME = AppIcon;
				ASSETCATALOG_COMPILER_GLOBAL_ACCENT_COLOR_NAME = AccentColor;
				CODE_SIGN_ENTITLEMENTS = DatePatisserie/DatePatisserie.entitlements;
				CODE_SIGN_IDENTITY = "Apple Development";
				CODE_SIGN_STYLE = Automatic;
				CURRENT_PROJECT_VERSION = 1;
				DEVELOPMENT_TEAM = UH5437SQWZ;
				GENERATE_INFOPLIST_FILE = YES;
				INFOPLIST_FILE = DatePatisserie/Info.plist;
				INFOPLIST_KEY_UIApplicationSupportsIndirectInputEvents = YES;
				INFOPLIST_KEY_UILaunchStoryboardName = LaunchScreen;
				INFOPLIST_KEY_UISupportedInterfaceOrientations_iPad = "UIInterfaceOrientationPortrait UIInterfaceOrientationPortraitUpsideDown UIInterfaceOrientationLandscapeLeft UIInterfaceOrientationLandscapeRight";
				INFOPLIST_KEY_UISupportedInterfaceOrientations_iPhone = "UIInterfaceOrientationPortrait UIInterfaceOrientationLandscapeLeft UIInterfaceOrientationLandscapeRight";
				LD_RUNPATH_SEARCH_PATHS = (
					"$(inherited)",
					"@executable_path/Frameworks",
				);
				MARKETING_VERSION = 1.0;
				PRODUCT_BUNDLE_IDENTIFIER = com.berkancaliskan.datepatisserie;
				PRODUCT_NAME = "$(TARGET_NAME)";
				PROVISIONING_PROFILE_SPECIFIER = "";
				SWIFT_EMIT_LOC_STRINGS = YES;
				SWIFT_VERSION = 5.0;
				TARGETED_DEVICE_FAMILY = "1,2";
			};
			name = Debug;
		};
		0771360727EC98A2004C055E /* Release */ = {
			isa = XCBuildConfiguration;
			baseConfigurationReference = 4B6CFAA304FCA359C0458417 /* Pods-DatePatisserie.release.xcconfig */;
			buildSettings = {
				ALWAYS_EMBED_SWIFT_STANDARD_LIBRARIES = YES;
				ASSETCATALOG_COMPILER_APPICON_NAME = AppIcon;
				ASSETCATALOG_COMPILER_GLOBAL_ACCENT_COLOR_NAME = AccentColor;
				CODE_SIGN_ENTITLEMENTS = DatePatisserie/DatePatisserie.entitlements;
				CODE_SIGN_IDENTITY = "Apple Development";
				CODE_SIGN_STYLE = Automatic;
				CURRENT_PROJECT_VERSION = 1;
				DEVELOPMENT_TEAM = UH5437SQWZ;
				GENERATE_INFOPLIST_FILE = YES;
				INFOPLIST_FILE = DatePatisserie/Info.plist;
				INFOPLIST_KEY_UIApplicationSupportsIndirectInputEvents = YES;
				INFOPLIST_KEY_UILaunchStoryboardName = LaunchScreen;
				INFOPLIST_KEY_UISupportedInterfaceOrientations_iPad = "UIInterfaceOrientationPortrait UIInterfaceOrientationPortraitUpsideDown UIInterfaceOrientationLandscapeLeft UIInterfaceOrientationLandscapeRight";
				INFOPLIST_KEY_UISupportedInterfaceOrientations_iPhone = "UIInterfaceOrientationPortrait UIInterfaceOrientationLandscapeLeft UIInterfaceOrientationLandscapeRight";
				LD_RUNPATH_SEARCH_PATHS = (
					"$(inherited)",
					"@executable_path/Frameworks",
				);
				MARKETING_VERSION = 1.0;
				PRODUCT_BUNDLE_IDENTIFIER = com.berkancaliskan.datepatisserie;
				PRODUCT_NAME = "$(TARGET_NAME)";
				PROVISIONING_PROFILE_SPECIFIER = "";
				SWIFT_EMIT_LOC_STRINGS = YES;
				SWIFT_VERSION = 5.0;
				TARGETED_DEVICE_FAMILY = "1,2";
			};
			name = Release;
		};
		07F1264427F191A70017E3F3 /* Debug */ = {
			isa = XCBuildConfiguration;
			buildSettings = {
				CODE_SIGN_STYLE = Automatic;
				CURRENT_PROJECT_VERSION = 1;
				DEVELOPMENT_TEAM = UH5437SQWZ;
				GENERATE_INFOPLIST_FILE = YES;
				INFOPLIST_FILE = OneSignalServicesExtension/Info.plist;
				INFOPLIST_KEY_CFBundleDisplayName = OneSignalServicesExtension;
				INFOPLIST_KEY_NSHumanReadableCopyright = "";
				LD_RUNPATH_SEARCH_PATHS = (
					"$(inherited)",
					"@executable_path/Frameworks",
					"@executable_path/../../Frameworks",
				);
				MARKETING_VERSION = 1.0;
				PRODUCT_BUNDLE_IDENTIFIER = com.berkancaliskan.datepatisserie.OneSignalServicesExtension;
				PRODUCT_NAME = "$(TARGET_NAME)";
				SKIP_INSTALL = YES;
				SWIFT_EMIT_LOC_STRINGS = YES;
				SWIFT_VERSION = 5.0;
				TARGETED_DEVICE_FAMILY = "1,2";
			};
			name = Debug;
		};
		07F1264527F191A70017E3F3 /* Release */ = {
			isa = XCBuildConfiguration;
			buildSettings = {
				CODE_SIGN_STYLE = Automatic;
				CURRENT_PROJECT_VERSION = 1;
				DEVELOPMENT_TEAM = UH5437SQWZ;
				GENERATE_INFOPLIST_FILE = YES;
				INFOPLIST_FILE = OneSignalServicesExtension/Info.plist;
				INFOPLIST_KEY_CFBundleDisplayName = OneSignalServicesExtension;
				INFOPLIST_KEY_NSHumanReadableCopyright = "";
				LD_RUNPATH_SEARCH_PATHS = (
					"$(inherited)",
					"@executable_path/Frameworks",
					"@executable_path/../../Frameworks",
				);
				MARKETING_VERSION = 1.0;
				PRODUCT_BUNDLE_IDENTIFIER = com.berkancaliskan.datepatisserie.OneSignalServicesExtension;
				PRODUCT_NAME = "$(TARGET_NAME)";
				SKIP_INSTALL = YES;
				SWIFT_EMIT_LOC_STRINGS = YES;
				SWIFT_VERSION = 5.0;
				TARGETED_DEVICE_FAMILY = "1,2";
			};
			name = Release;
		};
/* End XCBuildConfiguration section */

/* Begin XCConfigurationList section */
		077135E927EC98A1004C055E /* Build configuration list for PBXProject "DatePatisserie" */ = {
			isa = XCConfigurationList;
			buildConfigurations = (
				0771360327EC98A2004C055E /* Debug */,
				0771360427EC98A2004C055E /* Release */,
			);
			defaultConfigurationIsVisible = 0;
			defaultConfigurationName = Release;
		};
		0771360527EC98A2004C055E /* Build configuration list for PBXNativeTarget "DatePatisserie" */ = {
			isa = XCConfigurationList;
			buildConfigurations = (
				0771360627EC98A2004C055E /* Debug */,
				0771360727EC98A2004C055E /* Release */,
			);
			defaultConfigurationIsVisible = 0;
			defaultConfigurationName = Release;
		};
		07F1264627F191A70017E3F3 /* Build configuration list for PBXNativeTarget "OneSignalServicesExtension" */ = {
			isa = XCConfigurationList;
			buildConfigurations = (
				07F1264427F191A70017E3F3 /* Debug */,
				07F1264527F191A70017E3F3 /* Release */,
			);
			defaultConfigurationIsVisible = 0;
			defaultConfigurationName = Release;
		};
/* End XCConfigurationList section */

/* Begin XCVersionGroup section */
		077135FA27EC98A1004C055E /* DatePatisserie.xcdatamodeld */ = {
			isa = XCVersionGroup;
			children = (
				077135FB27EC98A1004C055E /* DatePatisserie.xcdatamodel */,
			);
			currentVersion = 077135FB27EC98A1004C055E /* DatePatisserie.xcdatamodel */;
			path = DatePatisserie.xcdatamodeld;
			sourceTree = "<group>";
			versionGroupType = wrapper.xcdatamodel;
		};
/* End XCVersionGroup section */
	};
	rootObject = 077135E627EC98A1004C055E /* Project object */;
}
