// !$*UTF8*$!
{
	archiveVersion = 1;
	classes = {
	};
	objectVersion = 55;
	objects = {

/* Begin PBXBuildFile section */
		070A0D7C27AD9AC500066044 /* hamburger_loading.json in Resources */ = {isa = PBXBuildFile; fileRef = 070A0D7B27AD9AC500066044 /* hamburger_loading.json */; };
		070A0D7E27ADC08F00066044 /* coffee_lottie.json in Resources */ = {isa = PBXBuildFile; fileRef = 070A0D7D27ADC08F00066044 /* coffee_lottie.json */; };
		0712F1BC27D89E69000930CE /* DetailsVC.swift in Sources */ = {isa = PBXBuildFile; fileRef = 0712F1BB27D89E69000930CE /* DetailsVC.swift */; };
		07208CE2279B5C18003B422B /* AppDelegate.swift in Sources */ = {isa = PBXBuildFile; fileRef = 07208CE1279B5C18003B422B /* AppDelegate.swift */; };
		07208CE6279B5C18003B422B /* Onboarding1VC.swift in Sources */ = {isa = PBXBuildFile; fileRef = 07208CE5279B5C18003B422B /* Onboarding1VC.swift */; };
		07208CE9279B5C18003B422B /* Main.storyboard in Resources */ = {isa = PBXBuildFile; fileRef = 07208CE7279B5C18003B422B /* Main.storyboard */; };
		07208CEC279B5C18003B422B /* DatePatisserie.xcdatamodeld in Sources */ = {isa = PBXBuildFile; fileRef = 07208CEA279B5C18003B422B /* DatePatisserie.xcdatamodeld */; };
		07208CEE279B5C19003B422B /* Assets.xcassets in Resources */ = {isa = PBXBuildFile; fileRef = 07208CED279B5C19003B422B /* Assets.xcassets */; };
		07208CF1279B5C19003B422B /* LaunchScreen.storyboard in Resources */ = {isa = PBXBuildFile; fileRef = 07208CEF279B5C19003B422B /* LaunchScreen.storyboard */; };
		07208CFB279B602F003B422B /* GoogleService-Info.plist in Resources */ = {isa = PBXBuildFile; fileRef = 07208CFA279B602F003B422B /* GoogleService-Info.plist */; };
		072E8A6427ADD7B000C2E9AE /* Globals.swift in Sources */ = {isa = PBXBuildFile; fileRef = 072E8A6327ADD7B000C2E9AE /* Globals.swift */; };
		07350323279C8F9500B99102 /* MainVC.swift in Sources */ = {isa = PBXBuildFile; fileRef = 07350322279C8F9500B99102 /* MainVC.swift */; };
		07350325279C913600B99102 /* SettingsVC.swift in Sources */ = {isa = PBXBuildFile; fileRef = 07350324279C913600B99102 /* SettingsVC.swift */; };
		07350327279CA6A900B99102 /* ProfileVC.swift in Sources */ = {isa = PBXBuildFile; fileRef = 07350326279CA6A900B99102 /* ProfileVC.swift */; };
		076FDEDC279C1FE900F45EFA /* Onboarding2VC.swift in Sources */ = {isa = PBXBuildFile; fileRef = 076FDEDB279C1FE900F45EFA /* Onboarding2VC.swift */; };
		076FDEDE279C1FFE00F45EFA /* Onboarding3VC.swift in Sources */ = {isa = PBXBuildFile; fileRef = 076FDEDD279C1FFE00F45EFA /* Onboarding3VC.swift */; };
		076FDEE0279C22C600F45EFA /* Onboarding4VC.swift in Sources */ = {isa = PBXBuildFile; fileRef = 076FDEDF279C22C600F45EFA /* Onboarding4VC.swift */; };
		076FDEE5279C57DF00F45EFA /* Gilroy-Light.otf in Resources */ = {isa = PBXBuildFile; fileRef = 076FDEE4279C57DF00F45EFA /* Gilroy-Light.otf */; };
		076FDEE7279C57ED00F45EFA /* Gilroy-Regular.otf in Resources */ = {isa = PBXBuildFile; fileRef = 076FDEE6279C57ED00F45EFA /* Gilroy-Regular.otf */; };
		076FDEE9279C57F400F45EFA /* Gilroy-Medium.otf in Resources */ = {isa = PBXBuildFile; fileRef = 076FDEE8279C57F400F45EFA /* Gilroy-Medium.otf */; };
		076FDEEB279C57FE00F45EFA /* Gilroy-Semibold.otf in Resources */ = {isa = PBXBuildFile; fileRef = 076FDEEA279C57FE00F45EFA /* Gilroy-Semibold.otf */; };
		076FDEED279C580800F45EFA /* Gilroy-Thin.otf in Resources */ = {isa = PBXBuildFile; fileRef = 076FDEEC279C580800F45EFA /* Gilroy-Thin.otf */; };
		076FDEEF279C58FA00F45EFA /* Gilroy-Bold.otf in Resources */ = {isa = PBXBuildFile; fileRef = 076FDEEE279C58FA00F45EFA /* Gilroy-Bold.otf */; };
		078201FB279DAF29009E35AA /* LoginVC.swift in Sources */ = {isa = PBXBuildFile; fileRef = 078201FA279DAF29009E35AA /* LoginVC.swift */; };
		0783DEBF27CF689C0086C8D4 /* ProfileInfo.swift in Sources */ = {isa = PBXBuildFile; fileRef = 0783DEBE27CF689C0086C8D4 /* ProfileInfo.swift */; };
		079709D427AB1D8500DC1538 /* loadinggif.gif in Resources */ = {isa = PBXBuildFile; fileRef = 079709D327AB1D8500DC1538 /* loadinggif.gif */; };
		07A3C6F227A5863800F3E81C /* LottieVC.swift in Sources */ = {isa = PBXBuildFile; fileRef = 07A3C6F127A5863800F3E81C /* LottieVC.swift */; };
		07A3C6F427A5A89700F3E81C /* loading.json in Resources */ = {isa = PBXBuildFile; fileRef = 07A3C6F327A5A89700F3E81C /* loading.json */; };
		07A3C6F627A5B0E900F3E81C /* food_loading.json in Resources */ = {isa = PBXBuildFile; fileRef = 07A3C6F527A5B0E900F3E81C /* food_loading.json */; };
		07D074DD27A6D26000BE9EBB /* Beverage.swift in Sources */ = {isa = PBXBuildFile; fileRef = 07D074DC27A6D26000BE9EBB /* Beverage.swift */; };
		07D074DF27A6D27E00BE9EBB /* menuVC.swift in Sources */ = {isa = PBXBuildFile; fileRef = 07D074DE27A6D27E00BE9EBB /* menuVC.swift */; };
		07D074E127A6D88C00BE9EBB /* beveragesCell.swift in Sources */ = {isa = PBXBuildFile; fileRef = 07D074E027A6D88C00BE9EBB /* beveragesCell.swift */; };
		07D074E327A6D8B000BE9EBB /* beveragesCategories.swift in Sources */ = {isa = PBXBuildFile; fileRef = 07D074E227A6D8AF00BE9EBB /* beveragesCategories.swift */; };
		07D8965C27A4BD7700A1ED17 /* SignUpVC.swift in Sources */ = {isa = PBXBuildFile; fileRef = 07D8965B27A4BD7700A1ED17 /* SignUpVC.swift */; };
		1777258C71A634686CC866C4 /* Pods_DatePatisserie.framework in Frameworks */ = {isa = PBXBuildFile; fileRef = D20E00D3C2FE77436AADF628 /* Pods_DatePatisserie.framework */; };
/* End PBXBuildFile section */

/* Begin PBXFileReference section */
		065220B640F476CD0A729FD9 /* Pods-DatePatisserie.release.xcconfig */ = {isa = PBXFileReference; includeInIndex = 1; lastKnownFileType = text.xcconfig; name = "Pods-DatePatisserie.release.xcconfig"; path = "Target Support Files/Pods-DatePatisserie/Pods-DatePatisserie.release.xcconfig"; sourceTree = "<group>"; };
		070A0D7B27AD9AC500066044 /* hamburger_loading.json */ = {isa = PBXFileReference; fileEncoding = 4; lastKnownFileType = text.json; path = hamburger_loading.json; sourceTree = "<group>"; };
		070A0D7D27ADC08F00066044 /* coffee_lottie.json */ = {isa = PBXFileReference; fileEncoding = 4; lastKnownFileType = text.json; path = coffee_lottie.json; sourceTree = "<group>"; };
		0712F1BB27D89E69000930CE /* DetailsVC.swift */ = {isa = PBXFileReference; lastKnownFileType = sourcecode.swift; path = DetailsVC.swift; sourceTree = "<group>"; };
		07208CDE279B5C18003B422B /* DatePatisserie.app */ = {isa = PBXFileReference; explicitFileType = wrapper.application; includeInIndex = 0; path = DatePatisserie.app; sourceTree = BUILT_PRODUCTS_DIR; };
		07208CE1279B5C18003B422B /* AppDelegate.swift */ = {isa = PBXFileReference; lastKnownFileType = sourcecode.swift; path = AppDelegate.swift; sourceTree = "<group>"; };
		07208CE5279B5C18003B422B /* Onboarding1VC.swift */ = {isa = PBXFileReference; lastKnownFileType = sourcecode.swift; path = Onboarding1VC.swift; sourceTree = "<group>"; };
		07208CE8279B5C18003B422B /* Base */ = {isa = PBXFileReference; lastKnownFileType = file.storyboard; name = Base; path = Base.lproj/Main.storyboard; sourceTree = "<group>"; };
		07208CEB279B5C18003B422B /* DatePatisserie.xcdatamodel */ = {isa = PBXFileReference; lastKnownFileType = wrapper.xcdatamodel; path = DatePatisserie.xcdatamodel; sourceTree = "<group>"; };
		07208CED279B5C19003B422B /* Assets.xcassets */ = {isa = PBXFileReference; lastKnownFileType = folder.assetcatalog; path = Assets.xcassets; sourceTree = "<group>"; };
		07208CF0279B5C19003B422B /* Base */ = {isa = PBXFileReference; lastKnownFileType = file.storyboard; name = Base; path = Base.lproj/LaunchScreen.storyboard; sourceTree = "<group>"; };
		07208CF2279B5C19003B422B /* Info.plist */ = {isa = PBXFileReference; lastKnownFileType = text.plist.xml; path = Info.plist; sourceTree = "<group>"; };
		07208CFA279B602F003B422B /* GoogleService-Info.plist */ = {isa = PBXFileReference; fileEncoding = 4; lastKnownFileType = text.plist.xml; path = "GoogleService-Info.plist"; sourceTree = "<group>"; };
		072E8A6327ADD7B000C2E9AE /* Globals.swift */ = {isa = PBXFileReference; fileEncoding = 4; lastKnownFileType = sourcecode.swift; path = Globals.swift; sourceTree = "<group>"; };
		07350322279C8F9500B99102 /* MainVC.swift */ = {isa = PBXFileReference; lastKnownFileType = sourcecode.swift; path = MainVC.swift; sourceTree = "<group>"; };
		07350324279C913600B99102 /* SettingsVC.swift */ = {isa = PBXFileReference; fileEncoding = 4; lastKnownFileType = sourcecode.swift; path = SettingsVC.swift; sourceTree = "<group>"; };
		07350326279CA6A900B99102 /* ProfileVC.swift */ = {isa = PBXFileReference; lastKnownFileType = sourcecode.swift; path = ProfileVC.swift; sourceTree = "<group>"; };
		076FDEDB279C1FE900F45EFA /* Onboarding2VC.swift */ = {isa = PBXFileReference; lastKnownFileType = sourcecode.swift; path = Onboarding2VC.swift; sourceTree = "<group>"; };
		076FDEDD279C1FFE00F45EFA /* Onboarding3VC.swift */ = {isa = PBXFileReference; lastKnownFileType = sourcecode.swift; path = Onboarding3VC.swift; sourceTree = "<group>"; };
		076FDEDF279C22C600F45EFA /* Onboarding4VC.swift */ = {isa = PBXFileReference; lastKnownFileType = sourcecode.swift; path = Onboarding4VC.swift; sourceTree = "<group>"; };
		076FDEE4279C57DF00F45EFA /* Gilroy-Light.otf */ = {isa = PBXFileReference; lastKnownFileType = file; path = "Gilroy-Light.otf"; sourceTree = "<group>"; };
		076FDEE6279C57ED00F45EFA /* Gilroy-Regular.otf */ = {isa = PBXFileReference; lastKnownFileType = file; path = "Gilroy-Regular.otf"; sourceTree = "<group>"; };
		076FDEE8279C57F400F45EFA /* Gilroy-Medium.otf */ = {isa = PBXFileReference; lastKnownFileType = file; path = "Gilroy-Medium.otf"; sourceTree = "<group>"; };
		076FDEEA279C57FE00F45EFA /* Gilroy-Semibold.otf */ = {isa = PBXFileReference; lastKnownFileType = file; path = "Gilroy-Semibold.otf"; sourceTree = "<group>"; };
		076FDEEC279C580800F45EFA /* Gilroy-Thin.otf */ = {isa = PBXFileReference; lastKnownFileType = file; path = "Gilroy-Thin.otf"; sourceTree = "<group>"; };
		076FDEEE279C58FA00F45EFA /* Gilroy-Bold.otf */ = {isa = PBXFileReference; lastKnownFileType = file; path = "Gilroy-Bold.otf"; sourceTree = "<group>"; };
		078201FA279DAF29009E35AA /* LoginVC.swift */ = {isa = PBXFileReference; lastKnownFileType = sourcecode.swift; path = LoginVC.swift; sourceTree = "<group>"; };
		0783DEBE27CF689C0086C8D4 /* ProfileInfo.swift */ = {isa = PBXFileReference; fileEncoding = 4; lastKnownFileType = sourcecode.swift; path = ProfileInfo.swift; sourceTree = "<group>"; };
		079709D327AB1D8500DC1538 /* loadinggif.gif */ = {isa = PBXFileReference; lastKnownFileType = image.gif; path = loadinggif.gif; sourceTree = "<group>"; };
		07A3C6F127A5863800F3E81C /* LottieVC.swift */ = {isa = PBXFileReference; lastKnownFileType = sourcecode.swift; path = LottieVC.swift; sourceTree = "<group>"; };
		07A3C6F327A5A89700F3E81C /* loading.json */ = {isa = PBXFileReference; fileEncoding = 4; lastKnownFileType = text.json; path = loading.json; sourceTree = "<group>"; };
		07A3C6F527A5B0E900F3E81C /* food_loading.json */ = {isa = PBXFileReference; fileEncoding = 4; lastKnownFileType = text.json; path = food_loading.json; sourceTree = "<group>"; };
		07D074DC27A6D26000BE9EBB /* Beverage.swift */ = {isa = PBXFileReference; fileEncoding = 4; lastKnownFileType = sourcecode.swift; path = Beverage.swift; sourceTree = "<group>"; };
		07D074DE27A6D27E00BE9EBB /* menuVC.swift */ = {isa = PBXFileReference; fileEncoding = 4; lastKnownFileType = sourcecode.swift; path = menuVC.swift; sourceTree = "<group>"; };
		07D074E027A6D88C00BE9EBB /* beveragesCell.swift */ = {isa = PBXFileReference; fileEncoding = 4; lastKnownFileType = sourcecode.swift; path = beveragesCell.swift; sourceTree = "<group>"; };
		07D074E227A6D8AF00BE9EBB /* beveragesCategories.swift */ = {isa = PBXFileReference; fileEncoding = 4; lastKnownFileType = sourcecode.swift; path = beveragesCategories.swift; sourceTree = "<group>"; };
		07D8965B27A4BD7700A1ED17 /* SignUpVC.swift */ = {isa = PBXFileReference; lastKnownFileType = sourcecode.swift; path = SignUpVC.swift; sourceTree = "<group>"; };
		2EAD1E0596C45B1B303D19E3 /* Pods-DatePatisserie.debug.xcconfig */ = {isa = PBXFileReference; includeInIndex = 1; lastKnownFileType = text.xcconfig; name = "Pods-DatePatisserie.debug.xcconfig"; path = "Target Support Files/Pods-DatePatisserie/Pods-DatePatisserie.debug.xcconfig"; sourceTree = "<group>"; };
		D20E00D3C2FE77436AADF628 /* Pods_DatePatisserie.framework */ = {isa = PBXFileReference; explicitFileType = wrapper.framework; includeInIndex = 0; path = Pods_DatePatisserie.framework; sourceTree = BUILT_PRODUCTS_DIR; };
/* End PBXFileReference section */

/* Begin PBXFrameworksBuildPhase section */
		07208CDB279B5C18003B422B /* Frameworks */ = {
			isa = PBXFrameworksBuildPhase;
			buildActionMask = 2147483647;
			files = (
				1777258C71A634686CC866C4 /* Pods_DatePatisserie.framework in Frameworks */,
			);
			runOnlyForDeploymentPostprocessing = 0;
		};
/* End PBXFrameworksBuildPhase section */

/* Begin PBXGroup section */
		0712F1B927D89640000930CE /* Onboarding */ = {
			isa = PBXGroup;
			children = (
				07208CE5279B5C18003B422B /* Onboarding1VC.swift */,
				076FDEDB279C1FE900F45EFA /* Onboarding2VC.swift */,
				076FDEDD279C1FFE00F45EFA /* Onboarding3VC.swift */,
				076FDEDF279C22C600F45EFA /* Onboarding4VC.swift */,
			);
			path = Onboarding;
			sourceTree = "<group>";
		};
		0712F1BA27D89698000930CE /* LottieJson */ = {
			isa = PBXGroup;
			children = (
			);
			path = LottieJson;
			sourceTree = "<group>";
		};
		07208CD5279B5C18003B422B = {
			isa = PBXGroup;
			children = (
				07208CE0279B5C18003B422B /* DatePatisserie */,
				07208CDF279B5C18003B422B /* Products */,
				74843753CC449FA21700F761 /* Pods */,
				12CEE9B69D10CD46AD1752FF /* Frameworks */,
			);
			sourceTree = "<group>";
		};
		07208CDF279B5C18003B422B /* Products */ = {
			isa = PBXGroup;
			children = (
				07208CDE279B5C18003B422B /* DatePatisserie.app */,
			);
			name = Products;
			sourceTree = "<group>";
		};
		07208CE0279B5C18003B422B /* DatePatisserie */ = {
			isa = PBXGroup;
			children = (
				0712F1BA27D89698000930CE /* LottieJson */,
				07208CE1279B5C18003B422B /* AppDelegate.swift */,
				072E8A6327ADD7B000C2E9AE /* Globals.swift */,
				076FDEE3279C57BC00F45EFA /* Fonts */,
				0712F1B927D89640000930CE /* Onboarding */,
				078201FA279DAF29009E35AA /* LoginVC.swift */,
				07D8965B27A4BD7700A1ED17 /* SignUpVC.swift */,
				0783DEBE27CF689C0086C8D4 /* ProfileInfo.swift */,
				07350322279C8F9500B99102 /* MainVC.swift */,
				07350324279C913600B99102 /* SettingsVC.swift */,
				07350326279CA6A900B99102 /* ProfileVC.swift */,
				07A3C6F127A5863800F3E81C /* LottieVC.swift */,
				0712F1BB27D89E69000930CE /* DetailsVC.swift */,
				07D074DC27A6D26000BE9EBB /* Beverage.swift */,
				07D074E027A6D88C00BE9EBB /* beveragesCell.swift */,
				07D074E227A6D8AF00BE9EBB /* beveragesCategories.swift */,
				07D074DE27A6D27E00BE9EBB /* menuVC.swift */,
				070A0D7D27ADC08F00066044 /* coffee_lottie.json */,
				07A3C6F527A5B0E900F3E81C /* food_loading.json */,
				07A3C6F327A5A89700F3E81C /* loading.json */,
				070A0D7B27AD9AC500066044 /* hamburger_loading.json */,
				079709D327AB1D8500DC1538 /* loadinggif.gif */,
				07208CED279B5C19003B422B /* Assets.xcassets */,
				07208CE7279B5C18003B422B /* Main.storyboard */,
				07208CEF279B5C19003B422B /* LaunchScreen.storyboard */,
				07208CF2279B5C19003B422B /* Info.plist */,
				07208CFA279B602F003B422B /* GoogleService-Info.plist */,
				07208CEA279B5C18003B422B /* DatePatisserie.xcdatamodeld */,
			);
			path = DatePatisserie;
			sourceTree = "<group>";
		};
		076FDEE3279C57BC00F45EFA /* Fonts */ = {
			isa = PBXGroup;
			children = (
				076FDEEE279C58FA00F45EFA /* Gilroy-Bold.otf */,
				076FDEEC279C580800F45EFA /* Gilroy-Thin.otf */,
				076FDEE8279C57F400F45EFA /* Gilroy-Medium.otf */,
				076FDEEA279C57FE00F45EFA /* Gilroy-Semibold.otf */,
				076FDEE6279C57ED00F45EFA /* Gilroy-Regular.otf */,
				076FDEE4279C57DF00F45EFA /* Gilroy-Light.otf */,
			);
			path = Fonts;
			sourceTree = "<group>";
		};
		12CEE9B69D10CD46AD1752FF /* Frameworks */ = {
			isa = PBXGroup;
			children = (
				D20E00D3C2FE77436AADF628 /* Pods_DatePatisserie.framework */,
			);
			name = Frameworks;
			sourceTree = "<group>";
		};
		74843753CC449FA21700F761 /* Pods */ = {
			isa = PBXGroup;
			children = (
				2EAD1E0596C45B1B303D19E3 /* Pods-DatePatisserie.debug.xcconfig */,
				065220B640F476CD0A729FD9 /* Pods-DatePatisserie.release.xcconfig */,
			);
			path = Pods;
			sourceTree = "<group>";
		};
/* End PBXGroup section */

/* Begin PBXNativeTarget section */
		07208CDD279B5C18003B422B /* DatePatisserie */ = {
			isa = PBXNativeTarget;
			buildConfigurationList = 07208CF5279B5C19003B422B /* Build configuration list for PBXNativeTarget "DatePatisserie" */;
			buildPhases = (
				C08AD847DD73266669FB5208 /* [CP] Check Pods Manifest.lock */,
				07208CDA279B5C18003B422B /* Sources */,
				07208CDB279B5C18003B422B /* Frameworks */,
				07208CDC279B5C18003B422B /* Resources */,
				C5141CACCB298C349F17ED14 /* [CP] Embed Pods Frameworks */,
			);
			buildRules = (
			);
			dependencies = (
			);
			name = DatePatisserie;
			productName = DatePatisserie;
			productReference = 07208CDE279B5C18003B422B /* DatePatisserie.app */;
			productType = "com.apple.product-type.application";
		};
/* End PBXNativeTarget section */

/* Begin PBXProject section */
		07208CD6279B5C18003B422B /* Project object */ = {
			isa = PBXProject;
			attributes = {
				BuildIndependentTargetsInParallel = 1;
				LastSwiftUpdateCheck = 1320;
				LastUpgradeCheck = 1320;
				TargetAttributes = {
					07208CDD279B5C18003B422B = {
						CreatedOnToolsVersion = 13.2.1;
					};
				};
			};
			buildConfigurationList = 07208CD9279B5C18003B422B /* Build configuration list for PBXProject "DatePatisserie" */;
			compatibilityVersion = "Xcode 13.0";
			developmentRegion = en;
			hasScannedForEncodings = 0;
			knownRegions = (
				en,
				Base,
			);
			mainGroup = 07208CD5279B5C18003B422B;
			productRefGroup = 07208CDF279B5C18003B422B /* Products */;
			projectDirPath = "";
			projectRoot = "";
			targets = (
				07208CDD279B5C18003B422B /* DatePatisserie */,
			);
		};
/* End PBXProject section */

/* Begin PBXResourcesBuildPhase section */
		07208CDC279B5C18003B422B /* Resources */ = {
			isa = PBXResourcesBuildPhase;
			buildActionMask = 2147483647;
			files = (
				076FDEE7279C57ED00F45EFA /* Gilroy-Regular.otf in Resources */,
				070A0D7E27ADC08F00066044 /* coffee_lottie.json in Resources */,
				07208CF1279B5C19003B422B /* LaunchScreen.storyboard in Resources */,
				076FDEEF279C58FA00F45EFA /* Gilroy-Bold.otf in Resources */,
				07A3C6F627A5B0E900F3E81C /* food_loading.json in Resources */,
				07208CFB279B602F003B422B /* GoogleService-Info.plist in Resources */,
				07A3C6F427A5A89700F3E81C /* loading.json in Resources */,
				07208CEE279B5C19003B422B /* Assets.xcassets in Resources */,
				076FDEEB279C57FE00F45EFA /* Gilroy-Semibold.otf in Resources */,
				076FDEE5279C57DF00F45EFA /* Gilroy-Light.otf in Resources */,
				070A0D7C27AD9AC500066044 /* hamburger_loading.json in Resources */,
				076FDEED279C580800F45EFA /* Gilroy-Thin.otf in Resources */,
				07208CE9279B5C18003B422B /* Main.storyboard in Resources */,
				079709D427AB1D8500DC1538 /* loadinggif.gif in Resources */,
				076FDEE9279C57F400F45EFA /* Gilroy-Medium.otf in Resources */,
			);
			runOnlyForDeploymentPostprocessing = 0;
		};
/* End PBXResourcesBuildPhase section */

/* Begin PBXShellScriptBuildPhase section */
		C08AD847DD73266669FB5208 /* [CP] Check Pods Manifest.lock */ = {
			isa = PBXShellScriptBuildPhase;
			buildActionMask = 2147483647;
			files = (
			);
			inputFileListPaths = (
			);
			inputPaths = (
				"${PODS_PODFILE_DIR_PATH}/Podfile.lock",
				"${PODS_ROOT}/Manifest.lock",
			);
			name = "[CP] Check Pods Manifest.lock";
			outputFileListPaths = (
			);
			outputPaths = (
				"$(DERIVED_FILE_DIR)/Pods-DatePatisserie-checkManifestLockResult.txt",
			);
			runOnlyForDeploymentPostprocessing = 0;
			shellPath = /bin/sh;
			shellScript = "diff \"${PODS_PODFILE_DIR_PATH}/Podfile.lock\" \"${PODS_ROOT}/Manifest.lock\" > /dev/null\nif [ $? != 0 ] ; then\n    # print error to STDERR\n    echo \"error: The sandbox is not in sync with the Podfile.lock. Run 'pod install' or update your CocoaPods installation.\" >&2\n    exit 1\nfi\n# This output is used by Xcode 'outputs' to avoid re-running this script phase.\necho \"SUCCESS\" > \"${SCRIPT_OUTPUT_FILE_0}\"\n";
			showEnvVarsInLog = 0;
		};
		C5141CACCB298C349F17ED14 /* [CP] Embed Pods Frameworks */ = {
			isa = PBXShellScriptBuildPhase;
			buildActionMask = 2147483647;
			files = (
			);
			inputFileListPaths = (
				"${PODS_ROOT}/Target Support Files/Pods-DatePatisserie/Pods-DatePatisserie-frameworks-${CONFIGURATION}-input-files.xcfilelist",
			);
			name = "[CP] Embed Pods Frameworks";
			outputFileListPaths = (
				"${PODS_ROOT}/Target Support Files/Pods-DatePatisserie/Pods-DatePatisserie-frameworks-${CONFIGURATION}-output-files.xcfilelist",
			);
			runOnlyForDeploymentPostprocessing = 0;
			shellPath = /bin/sh;
			shellScript = "\"${PODS_ROOT}/Target Support Files/Pods-DatePatisserie/Pods-DatePatisserie-frameworks.sh\"\n";
			showEnvVarsInLog = 0;
		};
/* End PBXShellScriptBuildPhase section */

/* Begin PBXSourcesBuildPhase section */
		07208CDA279B5C18003B422B /* Sources */ = {
			isa = PBXSourcesBuildPhase;
			buildActionMask = 2147483647;
			files = (
				07D074E127A6D88C00BE9EBB /* beveragesCell.swift in Sources */,
				076FDEDC279C1FE900F45EFA /* Onboarding2VC.swift in Sources */,
				07D074DD27A6D26000BE9EBB /* Beverage.swift in Sources */,
				0783DEBF27CF689C0086C8D4 /* ProfileInfo.swift in Sources */,
				07208CE6279B5C18003B422B /* Onboarding1VC.swift in Sources */,
				072E8A6427ADD7B000C2E9AE /* Globals.swift in Sources */,
				076FDEE0279C22C600F45EFA /* Onboarding4VC.swift in Sources */,
				07A3C6F227A5863800F3E81C /* LottieVC.swift in Sources */,
				07D8965C27A4BD7700A1ED17 /* SignUpVC.swift in Sources */,
				07350327279CA6A900B99102 /* ProfileVC.swift in Sources */,
				0712F1BC27D89E69000930CE /* DetailsVC.swift in Sources */,
				078201FB279DAF29009E35AA /* LoginVC.swift in Sources */,
				07208CE2279B5C18003B422B /* AppDelegate.swift in Sources */,
				076FDEDE279C1FFE00F45EFA /* Onboarding3VC.swift in Sources */,
				07350325279C913600B99102 /* SettingsVC.swift in Sources */,
				07D074DF27A6D27E00BE9EBB /* menuVC.swift in Sources */,
				07208CEC279B5C18003B422B /* DatePatisserie.xcdatamodeld in Sources */,
				07D074E327A6D8B000BE9EBB /* beveragesCategories.swift in Sources */,
				07350323279C8F9500B99102 /* MainVC.swift in Sources */,
			);
			runOnlyForDeploymentPostprocessing = 0;
		};
/* End PBXSourcesBuildPhase section */

/* Begin PBXVariantGroup section */
		07208CE7279B5C18003B422B /* Main.storyboard */ = {
			isa = PBXVariantGroup;
			children = (
				07208CE8279B5C18003B422B /* Base */,
			);
			name = Main.storyboard;
			sourceTree = "<group>";
		};
		07208CEF279B5C19003B422B /* LaunchScreen.storyboard */ = {
			isa = PBXVariantGroup;
			children = (
				07208CF0279B5C19003B422B /* Base */,
			);
			name = LaunchScreen.storyboard;
			sourceTree = "<group>";
		};
/* End PBXVariantGroup section */

/* Begin XCBuildConfiguration section */
		07208CF3279B5C19003B422B /* Debug */ = {
			isa = XCBuildConfiguration;
			buildSettings = {
				ALWAYS_SEARCH_USER_PATHS = NO;
				CLANG_ANALYZER_NONNULL = YES;
				CLANG_ANALYZER_NUMBER_OBJECT_CONVERSION = YES_AGGRESSIVE;
				CLANG_CXX_LANGUAGE_STANDARD = "gnu++17";
				CLANG_CXX_LIBRARY = "libc++";
				CLANG_ENABLE_MODULES = YES;
				CLANG_ENABLE_OBJC_ARC = YES;
				CLANG_ENABLE_OBJC_WEAK = YES;
				CLANG_WARN_BLOCK_CAPTURE_AUTORELEASING = YES;
				CLANG_WARN_BOOL_CONVERSION = YES;
				CLANG_WARN_COMMA = YES;
				CLANG_WARN_CONSTANT_CONVERSION = YES;
				CLANG_WARN_DEPRECATED_OBJC_IMPLEMENTATIONS = YES;
				CLANG_WARN_DIRECT_OBJC_ISA_USAGE = YES_ERROR;
				CLANG_WARN_DOCUMENTATION_COMMENTS = YES;
				CLANG_WARN_EMPTY_BODY = YES;
				CLANG_WARN_ENUM_CONVERSION = YES;
				CLANG_WARN_INFINITE_RECURSION = YES;
				CLANG_WARN_INT_CONVERSION = YES;
				CLANG_WARN_NON_LITERAL_NULL_CONVERSION = YES;
				CLANG_WARN_OBJC_IMPLICIT_RETAIN_SELF = YES;
				CLANG_WARN_OBJC_LITERAL_CONVERSION = YES;
				CLANG_WARN_OBJC_ROOT_CLASS = YES_ERROR;
				CLANG_WARN_QUOTED_INCLUDE_IN_FRAMEWORK_HEADER = YES;
				CLANG_WARN_RANGE_LOOP_ANALYSIS = YES;
				CLANG_WARN_STRICT_PROTOTYPES = YES;
				CLANG_WARN_SUSPICIOUS_MOVE = YES;
				CLANG_WARN_UNGUARDED_AVAILABILITY = YES_AGGRESSIVE;
				CLANG_WARN_UNREACHABLE_CODE = YES;
				CLANG_WARN__DUPLICATE_METHOD_MATCH = YES;
				COPY_PHASE_STRIP = NO;
				DEBUG_INFORMATION_FORMAT = dwarf;
				ENABLE_STRICT_OBJC_MSGSEND = YES;
				ENABLE_TESTABILITY = YES;
				GCC_C_LANGUAGE_STANDARD = gnu11;
				GCC_DYNAMIC_NO_PIC = NO;
				GCC_NO_COMMON_BLOCKS = YES;
				GCC_OPTIMIZATION_LEVEL = 0;
				GCC_PREPROCESSOR_DEFINITIONS = (
					"DEBUG=1",
					"$(inherited)",
				);
				GCC_WARN_64_TO_32_BIT_CONVERSION = YES;
				GCC_WARN_ABOUT_RETURN_TYPE = YES_ERROR;
				GCC_WARN_UNDECLARED_SELECTOR = YES;
				GCC_WARN_UNINITIALIZED_AUTOS = YES_AGGRESSIVE;
				GCC_WARN_UNUSED_FUNCTION = YES;
				GCC_WARN_UNUSED_VARIABLE = YES;
				IPHONEOS_DEPLOYMENT_TARGET = 15.2;
				MTL_ENABLE_DEBUG_INFO = INCLUDE_SOURCE;
				MTL_FAST_MATH = YES;
				ONLY_ACTIVE_ARCH = YES;
				SDKROOT = iphoneos;
				SWIFT_ACTIVE_COMPILATION_CONDITIONS = DEBUG;
				SWIFT_OPTIMIZATION_LEVEL = "-Onone";
			};
			name = Debug;
		};
		07208CF4279B5C19003B422B /* Release */ = {
			isa = XCBuildConfiguration;
			buildSettings = {
				ALWAYS_SEARCH_USER_PATHS = NO;
				CLANG_ANALYZER_NONNULL = YES;
				CLANG_ANALYZER_NUMBER_OBJECT_CONVERSION = YES_AGGRESSIVE;
				CLANG_CXX_LANGUAGE_STANDARD = "gnu++17";
				CLANG_CXX_LIBRARY = "libc++";
				CLANG_ENABLE_MODULES = YES;
				CLANG_ENABLE_OBJC_ARC = YES;
				CLANG_ENABLE_OBJC_WEAK = YES;
				CLANG_WARN_BLOCK_CAPTURE_AUTORELEASING = YES;
				CLANG_WARN_BOOL_CONVERSION = YES;
				CLANG_WARN_COMMA = YES;
				CLANG_WARN_CONSTANT_CONVERSION = YES;
				CLANG_WARN_DEPRECATED_OBJC_IMPLEMENTATIONS = YES;
				CLANG_WARN_DIRECT_OBJC_ISA_USAGE = YES_ERROR;
				CLANG_WARN_DOCUMENTATION_COMMENTS = YES;
				CLANG_WARN_EMPTY_BODY = YES;
				CLANG_WARN_ENUM_CONVERSION = YES;
				CLANG_WARN_INFINITE_RECURSION = YES;
				CLANG_WARN_INT_CONVERSION = YES;
				CLANG_WARN_NON_LITERAL_NULL_CONVERSION = YES;
				CLANG_WARN_OBJC_IMPLICIT_RETAIN_SELF = YES;
				CLANG_WARN_OBJC_LITERAL_CONVERSION = YES;
				CLANG_WARN_OBJC_ROOT_CLASS = YES_ERROR;
				CLANG_WARN_QUOTED_INCLUDE_IN_FRAMEWORK_HEADER = YES;
				CLANG_WARN_RANGE_LOOP_ANALYSIS = YES;
				CLANG_WARN_STRICT_PROTOTYPES = YES;
				CLANG_WARN_SUSPICIOUS_MOVE = YES;
				CLANG_WARN_UNGUARDED_AVAILABILITY = YES_AGGRESSIVE;
				CLANG_WARN_UNREACHABLE_CODE = YES;
				CLANG_WARN__DUPLICATE_METHOD_MATCH = YES;
				COPY_PHASE_STRIP = NO;
				DEBUG_INFORMATION_FORMAT = "dwarf-with-dsym";
				ENABLE_NS_ASSERTIONS = NO;
				ENABLE_STRICT_OBJC_MSGSEND = YES;
				GCC_C_LANGUAGE_STANDARD = gnu11;
				GCC_NO_COMMON_BLOCKS = YES;
				GCC_WARN_64_TO_32_BIT_CONVERSION = YES;
				GCC_WARN_ABOUT_RETURN_TYPE = YES_ERROR;
				GCC_WARN_UNDECLARED_SELECTOR = YES;
				GCC_WARN_UNINITIALIZED_AUTOS = YES_AGGRESSIVE;
				GCC_WARN_UNUSED_FUNCTION = YES;
				GCC_WARN_UNUSED_VARIABLE = YES;
				IPHONEOS_DEPLOYMENT_TARGET = 15.2;
				MTL_ENABLE_DEBUG_INFO = NO;
				MTL_FAST_MATH = YES;
				SDKROOT = iphoneos;
				SWIFT_COMPILATION_MODE = wholemodule;
				SWIFT_OPTIMIZATION_LEVEL = "-O";
				VALIDATE_PRODUCT = YES;
			};
			name = Release;
		};
		07208CF6279B5C19003B422B /* Debug */ = {
			isa = XCBuildConfiguration;
			baseConfigurationReference = 2EAD1E0596C45B1B303D19E3 /* Pods-DatePatisserie.debug.xcconfig */;
			buildSettings = {
				ASSETCATALOG_COMPILER_APPICON_NAME = AppIcon;
				ASSETCATALOG_COMPILER_GLOBAL_ACCENT_COLOR_NAME = AccentColor;
				CODE_SIGN_STYLE = Automatic;
				CURRENT_PROJECT_VERSION = 1;
				DEVELOPMENT_TEAM = G92NRN7H3H;
				GENERATE_INFOPLIST_FILE = YES;
				INFOPLIST_FILE = DatePatisserie/Info.plist;
				INFOPLIST_KEY_UIApplicationSupportsIndirectInputEvents = YES;
				INFOPLIST_KEY_UILaunchStoryboardName = LaunchScreen;
				INFOPLIST_KEY_UIMainStoryboardFile = Main;
				INFOPLIST_KEY_UISupportedInterfaceOrientations = UIInterfaceOrientationPortrait;
				INFOPLIST_KEY_UISupportedInterfaceOrientations_iPad = "UIInterfaceOrientationPortrait UIInterfaceOrientationPortraitUpsideDown UIInterfaceOrientationLandscapeLeft UIInterfaceOrientationLandscapeRight";
				INFOPLIST_KEY_UISupportedInterfaceOrientations_iPhone = "UIInterfaceOrientationPortrait UIInterfaceOrientationLandscapeLeft UIInterfaceOrientationLandscapeRight";
				LD_RUNPATH_SEARCH_PATHS = (
					"$(inherited)",
					"@executable_path/Frameworks",
				);
				MARKETING_VERSION = 1.0;
				PRODUCT_BUNDLE_IDENTIFIER = berkancaliskan.DatePatisserie;
				PRODUCT_NAME = "$(TARGET_NAME)";
				SWIFT_EMIT_LOC_STRINGS = YES;
				SWIFT_VERSION = 5.0;
				TARGETED_DEVICE_FAMILY = 1;
			};
			name = Debug;
		};
		07208CF7279B5C19003B422B /* Release */ = {
			isa = XCBuildConfiguration;
			baseConfigurationReference = 065220B640F476CD0A729FD9 /* Pods-DatePatisserie.release.xcconfig */;
			buildSettings = {
				ASSETCATALOG_COMPILER_APPICON_NAME = AppIcon;
				ASSETCATALOG_COMPILER_GLOBAL_ACCENT_COLOR_NAME = AccentColor;
				CODE_SIGN_STYLE = Automatic;
				CURRENT_PROJECT_VERSION = 1;
				DEVELOPMENT_TEAM = G92NRN7H3H;
				GENERATE_INFOPLIST_FILE = YES;
				INFOPLIST_FILE = DatePatisserie/Info.plist;
				INFOPLIST_KEY_UIApplicationSupportsIndirectInputEvents = YES;
				INFOPLIST_KEY_UILaunchStoryboardName = LaunchScreen;
				INFOPLIST_KEY_UIMainStoryboardFile = Main;
				INFOPLIST_KEY_UISupportedInterfaceOrientations = UIInterfaceOrientationPortrait;
				INFOPLIST_KEY_UISupportedInterfaceOrientations_iPad = "UIInterfaceOrientationPortrait UIInterfaceOrientationPortraitUpsideDown UIInterfaceOrientationLandscapeLeft UIInterfaceOrientationLandscapeRight";
				INFOPLIST_KEY_UISupportedInterfaceOrientations_iPhone = "UIInterfaceOrientationPortrait UIInterfaceOrientationLandscapeLeft UIInterfaceOrientationLandscapeRight";
				LD_RUNPATH_SEARCH_PATHS = (
					"$(inherited)",
					"@executable_path/Frameworks",
				);
				MARKETING_VERSION = 1.0;
				PRODUCT_BUNDLE_IDENTIFIER = berkancaliskan.DatePatisserie;
				PRODUCT_NAME = "$(TARGET_NAME)";
				SWIFT_EMIT_LOC_STRINGS = YES;
				SWIFT_VERSION = 5.0;
				TARGETED_DEVICE_FAMILY = 1;
			};
			name = Release;
		};
/* End XCBuildConfiguration section */

/* Begin XCConfigurationList section */
		07208CD9279B5C18003B422B /* Build configuration list for PBXProject "DatePatisserie" */ = {
			isa = XCConfigurationList;
			buildConfigurations = (
				07208CF3279B5C19003B422B /* Debug */,
				07208CF4279B5C19003B422B /* Release */,
			);
			defaultConfigurationIsVisible = 0;
			defaultConfigurationName = Release;
		};
		07208CF5279B5C19003B422B /* Build configuration list for PBXNativeTarget "DatePatisserie" */ = {
			isa = XCConfigurationList;
			buildConfigurations = (
				07208CF6279B5C19003B422B /* Debug */,
				07208CF7279B5C19003B422B /* Release */,
			);
			defaultConfigurationIsVisible = 0;
			defaultConfigurationName = Release;
		};
/* End XCConfigurationList section */

/* Begin XCVersionGroup section */
		07208CEA279B5C18003B422B /* DatePatisserie.xcdatamodeld */ = {
			isa = XCVersionGroup;
			children = (
				07208CEB279B5C18003B422B /* DatePatisserie.xcdatamodel */,
			);
			currentVersion = 07208CEB279B5C18003B422B /* DatePatisserie.xcdatamodel */;
			path = DatePatisserie.xcdatamodeld;
			sourceTree = "<group>";
			versionGroupType = wrapper.xcdatamodel;
		};
/* End XCVersionGroup section */
	};
	rootObject = 07208CD6279B5C18003B422B /* Project object */;
}
